
Microsoft Visual Studio Solution File, Format Version 12.00
# Visual Studio Version 16
VisualStudioVersion = 16.0.29509.3
MinimumVisualStudioVersion = 10.0.40219.1
Project("{FAE04EC0-301F-11D3-BF4B-00C04F79EFBC}") = "JsonConverter", "JsonConverter\JsonConverter.csproj", "{967B881B-62E8-4AD2-80BC-502EA6714F7C}"
EndProject
Global
	GlobalSection(SolutionConfigurationPlatforms) = preSolution
		Debug|Any CPU = Debug|Any CPU
		Release|Any CPU = Release|Any CPU
	EndGlobalSection
	GlobalSection(ProjectConfigurationPlatforms) = postSolution
		{967B881B-62E8-4AD2-80BC-502EA6714F7C}.Debug|Any CPU.ActiveCfg = Debug|Any CPU
		{967B881B-62E8-4AD2-80BC-502EA6714F7C}.Debug|Any CPU.Build.0 = Debug|Any CPU
		{967B881B-62E8-4AD2-80BC-502EA6714F7C}.Release|Any CPU.ActiveCfg = Release|Any CPU
		{967B881B-62E8-4AD2-80BC-502EA6714F7C}.Release|Any CPU.Build.0 = Release|Any CPU
	EndGlobalSection
	GlobalSection(SolutionProperties) = preSolution
		HideSolutionNode = FALSE
	EndGlobalSection
	GlobalSection(ExtensibilityGlobals) = postSolution
		SolutionGuid = {6D2C5E6C-3AA0-48F9-88AE-5BBD7459D63D}
	EndGlobalSection
EndGlobal
