
Microsoft Visual Studio Solution File, Format Version 12.00
# Visual Studio Version 16
VisualStudioVersion = 16.0.28729.10
MinimumVisualStudioVersion = 10.0.40219.1
Project("{9A19103F-16F7-4668-BE54-9A1E7A4F7556}") = "Microsoft.Bot.Builder.Skills", "microsoft.bot.builder.skills\Microsoft.Bot.Builder.Skills\Microsoft.Bot.Builder.Skills.csproj", "{7697554A-4470-4397-985E-45318EE22AF0}"
EndProject
Project("{9A19103F-16F7-4668-BE54-9A1E7A4F7556}") = "Microsoft.Bot.Builder.Skills.Tests", "microsoft.bot.builder.skills\Microsoft.Bot.Builder.Skills.Tests\Microsoft.Bot.Builder.Skills.Tests.csproj", "{32E629D8-4D0A-4CE3-B6AF-7A045A8A0B2C}"
EndProject
Project("{9A19103F-16F7-4668-BE54-9A1E7A4F7556}") = "Microsoft.Bot.Builder.Solutions", "microsoft.bot.builder.solutions\microsoft.bot.builder.solutions\Microsoft.Bot.Builder.Solutions.csproj", "{A90FCDD9-E6DE-4EAD-A06F-4E1065E412F4}"
EndProject
Project("{9A19103F-16F7-4668-BE54-9A1E7A4F7556}") = "Microsoft.Bot.Builder.Solutions.Tests", "microsoft.bot.builder.solutions\microsoft.bot.builder.solutions.tests\Microsoft.Bot.Builder.Solutions.Tests.csproj", "{26CB92E0-7747-4652-BC52-B543D122D1C9}"
EndProject
Project("{2150E333-8FDC-42A3-9474-1A3956D46DE8}") = "Libraries", "Libraries", "{385B75F0-44DF-4B32-8676-BC46110467B7}"
EndProject
Project("{2150E333-8FDC-42A3-9474-1A3956D46DE8}") = "Tests", "Tests", "{A26898D5-E8CB-4CC8-8997-59090DCF6ECD}"
EndProject
Global
	GlobalSection(SolutionConfigurationPlatforms) = preSolution
		Debug|Any CPU = Debug|Any CPU
		Release|Any CPU = Release|Any CPU
	EndGlobalSection
	GlobalSection(ProjectConfigurationPlatforms) = postSolution
		{7697554A-4470-4397-985E-45318EE22AF0}.Debug|Any CPU.ActiveCfg = Debug|Any CPU
		{7697554A-4470-4397-985E-45318EE22AF0}.Debug|Any CPU.Build.0 = Debug|Any CPU
		{7697554A-4470-4397-985E-45318EE22AF0}.Release|Any CPU.ActiveCfg = Release|Any CPU
		{7697554A-4470-4397-985E-45318EE22AF0}.Release|Any CPU.Build.0 = Release|Any CPU
		{32E629D8-4D0A-4CE3-B6AF-7A045A8A0B2C}.Debug|Any CPU.ActiveCfg = Debug|Any CPU
		{32E629D8-4D0A-4CE3-B6AF-7A045A8A0B2C}.Debug|Any CPU.Build.0 = Debug|Any CPU
		{32E629D8-4D0A-4CE3-B6AF-7A045A8A0B2C}.Release|Any CPU.ActiveCfg = Release|Any CPU
		{32E629D8-4D0A-4CE3-B6AF-7A045A8A0B2C}.Release|Any CPU.Build.0 = Release|Any CPU
		{A90FCDD9-E6DE-4EAD-A06F-4E1065E412F4}.Debug|Any CPU.ActiveCfg = Debug|Any CPU
		{A90FCDD9-E6DE-4EAD-A06F-4E1065E412F4}.Debug|Any CPU.Build.0 = Debug|Any CPU
		{A90FCDD9-E6DE-4EAD-A06F-4E1065E412F4}.Release|Any CPU.ActiveCfg = Release|Any CPU
		{A90FCDD9-E6DE-4EAD-A06F-4E1065E412F4}.Release|Any CPU.Build.0 = Release|Any CPU
		{26CB92E0-7747-4652-BC52-B543D122D1C9}.Debug|Any CPU.ActiveCfg = Debug|Any CPU
		{26CB92E0-7747-4652-BC52-B543D122D1C9}.Debug|Any CPU.Build.0 = Debug|Any CPU
		{26CB92E0-7747-4652-BC52-B543D122D1C9}.Release|Any CPU.ActiveCfg = Release|Any CPU
		{26CB92E0-7747-4652-BC52-B543D122D1C9}.Release|Any CPU.Build.0 = Release|Any CPU
	EndGlobalSection
	GlobalSection(SolutionProperties) = preSolution
		HideSolutionNode = FALSE
	EndGlobalSection
	GlobalSection(NestedProjects) = preSolution
		{7697554A-4470-4397-985E-45318EE22AF0} = {385B75F0-44DF-4B32-8676-BC46110467B7}
		{32E629D8-4D0A-4CE3-B6AF-7A045A8A0B2C} = {A26898D5-E8CB-4CC8-8997-59090DCF6ECD}
		{A90FCDD9-E6DE-4EAD-A06F-4E1065E412F4} = {385B75F0-44DF-4B32-8676-BC46110467B7}
		{26CB92E0-7747-4652-BC52-B543D122D1C9} = {A26898D5-E8CB-4CC8-8997-59090DCF6ECD}
	EndGlobalSection
	GlobalSection(ExtensibilityGlobals) = postSolution
		SolutionGuid = {9990775D-5FC4-4B23-8374-05AE6A536EC8}
	EndGlobalSection
EndGlobal
