
Microsoft Visual Studio Solution File, Format Version 12.00
# Visual Studio Version 16
VisualStudioVersion = 16.0.28729.10
MinimumVisualStudioVersion = 10.0.40219.1
Project("{9A19103F-16F7-4668-BE54-9A1E7A4F7556}") = "Microsoft.Bot.Builder.Solutions.Skills", "microsoft.bot.builder.solutions.skills\Microsoft.Bot.Builder.Solutions.Skills\Microsoft.Bot.Builder.Solutions.Skills.csproj", "{7697554A-4470-4397-985E-45318EE22AF0}"
EndProject
Project("{9A19103F-16F7-4668-BE54-9A1E7A4F7556}") = "Microsoft.Bot.Builder.Solutions.Skills.Tests", "microsoft.bot.builder.solutions.skills\Microsoft.Bot.Builder.Solutions.Skills.Tests\Microsoft.Bot.Builder.Solutions.Skills.Tests.csproj", "{32E629D8-4D0A-4CE3-B6AF-7A045A8A0B2C}"
EndProject
Project("{9A19103F-16F7-4668-BE54-9A1E7A4F7556}") = "Microsoft.Bot.Builder.Solutions", "microsoft.bot.builder.solutions\microsoft.bot.builder.solutions\Microsoft.Bot.Builder.Solutions.csproj", "{A90FCDD9-E6DE-4EAD-A06F-4E1065E412F4}"
EndProject
Project("{9A19103F-16F7-4668-BE54-9A1E7A4F7556}") = "Microsoft.Bot.Builder.Solutions.Tests", "microsoft.bot.builder.solutions\microsoft.bot.builder.solutions.tests\Microsoft.Bot.Builder.Solutions.Tests.csproj", "{26CB92E0-7747-4652-BC52-B543D122D1C9}"
EndProject
Project("{2150E333-8FDC-42A3-9474-1A3956D46DE8}") = "Libraries", "Libraries", "{385B75F0-44DF-4B32-8676-BC46110467B7}"
EndProject
Project("{2150E333-8FDC-42A3-9474-1A3956D46DE8}") = "Tests", "Tests", "{A26898D5-E8CB-4CC8-8997-59090DCF6ECD}"
EndProject
Project("{9A19103F-16F7-4668-BE54-9A1E7A4F7556}") = "RootBot", "Tests\VABotTest\RootBot\RootBot.csproj", "{66C7AABC-7181-4BAA-B1CA-0C65F8EC5DA7}"
EndProject
Project("{9A19103F-16F7-4668-BE54-9A1E7A4F7556}") = "RootBot.Tests", "Tests\VABotTest\RootBot.Tests\RootBot.Tests.csproj", "{D2DA0E53-7C2F-4340-8899-C81A6C7729B1}"
EndProject
Project("{9A19103F-16F7-4668-BE54-9A1E7A4F7556}") = "SkillBot", "Tests\VABotTest\SkillBot\SkillBot.csproj", "{C6869B06-3637-42BE-A2A4-CF5855BB93E3}"
EndProject
Project("{9A19103F-16F7-4668-BE54-9A1E7A4F7556}") = "SkillBot.Tests", "Tests\VABotTest\SkillBot.Tests\SkillBot.Tests.csproj", "{C5CFCEB9-26FB-4B50-9DE0-2D2F35B75B35}"
EndProject
Project("{9A19103F-16F7-4668-BE54-9A1E7A4F7556}") = "Microsoft.Bot.Builder.Skills", "libraries\Microsoft.Bot.Builder.Skills\Microsoft.Bot.Builder.Skills.csproj", "{84771E4A-3CC2-4FF5-9465-A90E8D151D4D}"
EndProject
Project("{2150E333-8FDC-42A3-9474-1A3956D46DE8}") = "01. SimpleTests", "01. SimpleTests", "{3D6F1019-D503-450B-BDA4-D17B50C2E32B}"
EndProject
Project("{9A19103F-16F7-4668-BE54-9A1E7A4F7556}") = "RootEchoBot", "tests\SimpleTest\RootEchoBot\RootEchoBot.csproj", "{53F3D385-0A0A-4AEB-B131-768174F40CA0}"
EndProject
Project("{9A19103F-16F7-4668-BE54-9A1E7A4F7556}") = "ChildEchoBot", "tests\SimpleTest\ChildEchoBot\ChildEchoBot.csproj", "{11E6BE15-553E-4399-902B-EC78AABAA477}"
EndProject
Project("{2150E333-8FDC-42A3-9474-1A3956D46DE8}") = "04. VABotTest", "04. VABotTest", "{DC1EEE90-C0C9-4124-B599-DD500E82E8EA}"
EndProject
Project("{2150E333-8FDC-42A3-9474-1A3956D46DE8}") = "02. ChildWithDialogTest", "02. ChildWithDialogTest", "{119C0D19-143E-427A-9A13-D2A916EEDCDC}"
EndProject
Project("{FAE04EC0-301F-11D3-BF4B-00C04F79EFBC}") = "ChildWithDialogBot", "tests\ChildWithDialogTest\ChildWithDialogBot\ChildWithDialogBot.csproj", "{7704A042-67F7-4DFD-934D-818392BAE282}"
EndProject
Project("{9A19103F-16F7-4668-BE54-9A1E7A4F7556}") = "RootNoDialogBot", "tests\ChildWithDialogTest\RootNoDialogBot\RootNoDialogBot.csproj", "{9711A9F5-648D-4B1E-8AF4-FE7C5C8F1A2D}"
EndProject
Project("{2150E333-8FDC-42A3-9474-1A3956D46DE8}") = "03. ParentAndChildWithDialogTests", "03. ParentAndChildWithDialogTests", "{9D8DDB4A-20BE-4E1D-8324-5D80E0B50397}"
EndProject
Global
	GlobalSection(SolutionConfigurationPlatforms) = preSolution
		Debug - NuGet Packages|Any CPU = Debug - NuGet Packages|Any CPU
		Debug|Any CPU = Debug|Any CPU
		Documentation|Any CPU = Documentation|Any CPU
		Release|Any CPU = Release|Any CPU
	EndGlobalSection
	GlobalSection(ProjectConfigurationPlatforms) = postSolution
		{7697554A-4470-4397-985E-45318EE22AF0}.Debug - NuGet Packages|Any CPU.ActiveCfg = Debug - NuGet Packages|Any CPU
		{7697554A-4470-4397-985E-45318EE22AF0}.Debug - NuGet Packages|Any CPU.Build.0 = Debug - NuGet Packages|Any CPU
		{7697554A-4470-4397-985E-45318EE22AF0}.Debug|Any CPU.ActiveCfg = Debug|Any CPU
		{7697554A-4470-4397-985E-45318EE22AF0}.Debug|Any CPU.Build.0 = Debug|Any CPU
		{7697554A-4470-4397-985E-45318EE22AF0}.Documentation|Any CPU.ActiveCfg = Documentation|Any CPU
		{7697554A-4470-4397-985E-45318EE22AF0}.Documentation|Any CPU.Build.0 = Documentation|Any CPU
		{7697554A-4470-4397-985E-45318EE22AF0}.Release|Any CPU.ActiveCfg = Release|Any CPU
		{7697554A-4470-4397-985E-45318EE22AF0}.Release|Any CPU.Build.0 = Release|Any CPU
		{32E629D8-4D0A-4CE3-B6AF-7A045A8A0B2C}.Debug - NuGet Packages|Any CPU.ActiveCfg = Debug|Any CPU
		{32E629D8-4D0A-4CE3-B6AF-7A045A8A0B2C}.Debug - NuGet Packages|Any CPU.Build.0 = Debug|Any CPU
		{32E629D8-4D0A-4CE3-B6AF-7A045A8A0B2C}.Debug|Any CPU.ActiveCfg = Debug|Any CPU
		{32E629D8-4D0A-4CE3-B6AF-7A045A8A0B2C}.Documentation|Any CPU.ActiveCfg = Debug|Any CPU
		{32E629D8-4D0A-4CE3-B6AF-7A045A8A0B2C}.Documentation|Any CPU.Build.0 = Debug|Any CPU
		{32E629D8-4D0A-4CE3-B6AF-7A045A8A0B2C}.Release|Any CPU.ActiveCfg = Release|Any CPU
		{32E629D8-4D0A-4CE3-B6AF-7A045A8A0B2C}.Release|Any CPU.Build.0 = Release|Any CPU
		{A90FCDD9-E6DE-4EAD-A06F-4E1065E412F4}.Debug - NuGet Packages|Any CPU.ActiveCfg = Debug - NuGet Packages|Any CPU
		{A90FCDD9-E6DE-4EAD-A06F-4E1065E412F4}.Debug - NuGet Packages|Any CPU.Build.0 = Debug - NuGet Packages|Any CPU
		{A90FCDD9-E6DE-4EAD-A06F-4E1065E412F4}.Debug|Any CPU.ActiveCfg = Debug|Any CPU
		{A90FCDD9-E6DE-4EAD-A06F-4E1065E412F4}.Debug|Any CPU.Build.0 = Debug|Any CPU
		{A90FCDD9-E6DE-4EAD-A06F-4E1065E412F4}.Documentation|Any CPU.ActiveCfg = Documentation|Any CPU
		{A90FCDD9-E6DE-4EAD-A06F-4E1065E412F4}.Documentation|Any CPU.Build.0 = Documentation|Any CPU
		{A90FCDD9-E6DE-4EAD-A06F-4E1065E412F4}.Release|Any CPU.ActiveCfg = Release|Any CPU
		{A90FCDD9-E6DE-4EAD-A06F-4E1065E412F4}.Release|Any CPU.Build.0 = Release|Any CPU
		{26CB92E0-7747-4652-BC52-B543D122D1C9}.Debug - NuGet Packages|Any CPU.ActiveCfg = Debug|Any CPU
		{26CB92E0-7747-4652-BC52-B543D122D1C9}.Debug - NuGet Packages|Any CPU.Build.0 = Debug|Any CPU
		{26CB92E0-7747-4652-BC52-B543D122D1C9}.Debug|Any CPU.ActiveCfg = Debug|Any CPU
		{26CB92E0-7747-4652-BC52-B543D122D1C9}.Documentation|Any CPU.ActiveCfg = Debug|Any CPU
		{26CB92E0-7747-4652-BC52-B543D122D1C9}.Documentation|Any CPU.Build.0 = Debug|Any CPU
		{26CB92E0-7747-4652-BC52-B543D122D1C9}.Release|Any CPU.ActiveCfg = Release|Any CPU
		{26CB92E0-7747-4652-BC52-B543D122D1C9}.Release|Any CPU.Build.0 = Release|Any CPU
		{66C7AABC-7181-4BAA-B1CA-0C65F8EC5DA7}.Debug - NuGet Packages|Any CPU.ActiveCfg = Debug|Any CPU
		{66C7AABC-7181-4BAA-B1CA-0C65F8EC5DA7}.Debug - NuGet Packages|Any CPU.Build.0 = Debug|Any CPU
		{66C7AABC-7181-4BAA-B1CA-0C65F8EC5DA7}.Debug|Any CPU.ActiveCfg = Debug|Any CPU
		{66C7AABC-7181-4BAA-B1CA-0C65F8EC5DA7}.Debug|Any CPU.Build.0 = Debug|Any CPU
		{66C7AABC-7181-4BAA-B1CA-0C65F8EC5DA7}.Documentation|Any CPU.ActiveCfg = Debug|Any CPU
		{66C7AABC-7181-4BAA-B1CA-0C65F8EC5DA7}.Documentation|Any CPU.Build.0 = Debug|Any CPU
		{66C7AABC-7181-4BAA-B1CA-0C65F8EC5DA7}.Release|Any CPU.ActiveCfg = Release|Any CPU
		{66C7AABC-7181-4BAA-B1CA-0C65F8EC5DA7}.Release|Any CPU.Build.0 = Release|Any CPU
		{D2DA0E53-7C2F-4340-8899-C81A6C7729B1}.Debug - NuGet Packages|Any CPU.ActiveCfg = Debug|Any CPU
		{D2DA0E53-7C2F-4340-8899-C81A6C7729B1}.Debug - NuGet Packages|Any CPU.Build.0 = Debug|Any CPU
		{D2DA0E53-7C2F-4340-8899-C81A6C7729B1}.Debug|Any CPU.ActiveCfg = Debug|Any CPU
		{D2DA0E53-7C2F-4340-8899-C81A6C7729B1}.Debug|Any CPU.Build.0 = Debug|Any CPU
		{D2DA0E53-7C2F-4340-8899-C81A6C7729B1}.Documentation|Any CPU.ActiveCfg = Debug|Any CPU
		{D2DA0E53-7C2F-4340-8899-C81A6C7729B1}.Documentation|Any CPU.Build.0 = Debug|Any CPU
		{D2DA0E53-7C2F-4340-8899-C81A6C7729B1}.Release|Any CPU.ActiveCfg = Release|Any CPU
		{D2DA0E53-7C2F-4340-8899-C81A6C7729B1}.Release|Any CPU.Build.0 = Release|Any CPU
		{C6869B06-3637-42BE-A2A4-CF5855BB93E3}.Debug - NuGet Packages|Any CPU.ActiveCfg = Debug|Any CPU
		{C6869B06-3637-42BE-A2A4-CF5855BB93E3}.Debug - NuGet Packages|Any CPU.Build.0 = Debug|Any CPU
		{C6869B06-3637-42BE-A2A4-CF5855BB93E3}.Debug|Any CPU.ActiveCfg = Debug|Any CPU
		{C6869B06-3637-42BE-A2A4-CF5855BB93E3}.Debug|Any CPU.Build.0 = Debug|Any CPU
		{C6869B06-3637-42BE-A2A4-CF5855BB93E3}.Documentation|Any CPU.ActiveCfg = Debug|Any CPU
		{C6869B06-3637-42BE-A2A4-CF5855BB93E3}.Documentation|Any CPU.Build.0 = Debug|Any CPU
		{C6869B06-3637-42BE-A2A4-CF5855BB93E3}.Release|Any CPU.ActiveCfg = Release|Any CPU
		{C6869B06-3637-42BE-A2A4-CF5855BB93E3}.Release|Any CPU.Build.0 = Release|Any CPU
		{C5CFCEB9-26FB-4B50-9DE0-2D2F35B75B35}.Debug - NuGet Packages|Any CPU.ActiveCfg = Debug|Any CPU
		{C5CFCEB9-26FB-4B50-9DE0-2D2F35B75B35}.Debug - NuGet Packages|Any CPU.Build.0 = Debug|Any CPU
		{C5CFCEB9-26FB-4B50-9DE0-2D2F35B75B35}.Debug|Any CPU.ActiveCfg = Debug|Any CPU
		{C5CFCEB9-26FB-4B50-9DE0-2D2F35B75B35}.Debug|Any CPU.Build.0 = Debug|Any CPU
		{C5CFCEB9-26FB-4B50-9DE0-2D2F35B75B35}.Documentation|Any CPU.ActiveCfg = Debug|Any CPU
		{C5CFCEB9-26FB-4B50-9DE0-2D2F35B75B35}.Documentation|Any CPU.Build.0 = Debug|Any CPU
		{C5CFCEB9-26FB-4B50-9DE0-2D2F35B75B35}.Release|Any CPU.ActiveCfg = Release|Any CPU
		{C5CFCEB9-26FB-4B50-9DE0-2D2F35B75B35}.Release|Any CPU.Build.0 = Release|Any CPU
		{84771E4A-3CC2-4FF5-9465-A90E8D151D4D}.Debug - NuGet Packages|Any CPU.ActiveCfg = Debug|Any CPU
		{84771E4A-3CC2-4FF5-9465-A90E8D151D4D}.Debug - NuGet Packages|Any CPU.Build.0 = Debug|Any CPU
		{84771E4A-3CC2-4FF5-9465-A90E8D151D4D}.Debug|Any CPU.ActiveCfg = Debug|Any CPU
		{84771E4A-3CC2-4FF5-9465-A90E8D151D4D}.Debug|Any CPU.Build.0 = Debug|Any CPU
		{84771E4A-3CC2-4FF5-9465-A90E8D151D4D}.Documentation|Any CPU.ActiveCfg = Debug|Any CPU
		{84771E4A-3CC2-4FF5-9465-A90E8D151D4D}.Documentation|Any CPU.Build.0 = Debug|Any CPU
		{84771E4A-3CC2-4FF5-9465-A90E8D151D4D}.Release|Any CPU.ActiveCfg = Release|Any CPU
		{84771E4A-3CC2-4FF5-9465-A90E8D151D4D}.Release|Any CPU.Build.0 = Release|Any CPU
		{53F3D385-0A0A-4AEB-B131-768174F40CA0}.Debug - NuGet Packages|Any CPU.ActiveCfg = Debug|Any CPU
		{53F3D385-0A0A-4AEB-B131-768174F40CA0}.Debug - NuGet Packages|Any CPU.Build.0 = Debug|Any CPU
		{53F3D385-0A0A-4AEB-B131-768174F40CA0}.Debug|Any CPU.ActiveCfg = Debug|Any CPU
		{53F3D385-0A0A-4AEB-B131-768174F40CA0}.Debug|Any CPU.Build.0 = Debug|Any CPU
		{53F3D385-0A0A-4AEB-B131-768174F40CA0}.Documentation|Any CPU.ActiveCfg = Debug|Any CPU
		{53F3D385-0A0A-4AEB-B131-768174F40CA0}.Documentation|Any CPU.Build.0 = Debug|Any CPU
		{53F3D385-0A0A-4AEB-B131-768174F40CA0}.Release|Any CPU.ActiveCfg = Release|Any CPU
		{53F3D385-0A0A-4AEB-B131-768174F40CA0}.Release|Any CPU.Build.0 = Release|Any CPU
		{11E6BE15-553E-4399-902B-EC78AABAA477}.Debug - NuGet Packages|Any CPU.ActiveCfg = Debug|Any CPU
		{11E6BE15-553E-4399-902B-EC78AABAA477}.Debug - NuGet Packages|Any CPU.Build.0 = Debug|Any CPU
		{11E6BE15-553E-4399-902B-EC78AABAA477}.Debug|Any CPU.ActiveCfg = Debug|Any CPU
		{11E6BE15-553E-4399-902B-EC78AABAA477}.Debug|Any CPU.Build.0 = Debug|Any CPU
		{11E6BE15-553E-4399-902B-EC78AABAA477}.Documentation|Any CPU.ActiveCfg = Debug|Any CPU
		{11E6BE15-553E-4399-902B-EC78AABAA477}.Documentation|Any CPU.Build.0 = Debug|Any CPU
		{11E6BE15-553E-4399-902B-EC78AABAA477}.Release|Any CPU.ActiveCfg = Release|Any CPU
		{11E6BE15-553E-4399-902B-EC78AABAA477}.Release|Any CPU.Build.0 = Release|Any CPU
		{7704A042-67F7-4DFD-934D-818392BAE282}.Debug - NuGet Packages|Any CPU.ActiveCfg = Debug|Any CPU
		{7704A042-67F7-4DFD-934D-818392BAE282}.Debug - NuGet Packages|Any CPU.Build.0 = Debug|Any CPU
		{7704A042-67F7-4DFD-934D-818392BAE282}.Debug|Any CPU.ActiveCfg = Debug|Any CPU
		{7704A042-67F7-4DFD-934D-818392BAE282}.Debug|Any CPU.Build.0 = Debug|Any CPU
		{7704A042-67F7-4DFD-934D-818392BAE282}.Documentation|Any CPU.ActiveCfg = Debug|Any CPU
		{7704A042-67F7-4DFD-934D-818392BAE282}.Documentation|Any CPU.Build.0 = Debug|Any CPU
		{7704A042-67F7-4DFD-934D-818392BAE282}.Release|Any CPU.ActiveCfg = Release|Any CPU
		{7704A042-67F7-4DFD-934D-818392BAE282}.Release|Any CPU.Build.0 = Release|Any CPU
		{9711A9F5-648D-4B1E-8AF4-FE7C5C8F1A2D}.Debug - NuGet Packages|Any CPU.ActiveCfg = Debug|Any CPU
		{9711A9F5-648D-4B1E-8AF4-FE7C5C8F1A2D}.Debug - NuGet Packages|Any CPU.Build.0 = Debug|Any CPU
		{9711A9F5-648D-4B1E-8AF4-FE7C5C8F1A2D}.Debug|Any CPU.ActiveCfg = Debug|Any CPU
		{9711A9F5-648D-4B1E-8AF4-FE7C5C8F1A2D}.Debug|Any CPU.Build.0 = Debug|Any CPU
		{9711A9F5-648D-4B1E-8AF4-FE7C5C8F1A2D}.Documentation|Any CPU.ActiveCfg = Debug|Any CPU
		{9711A9F5-648D-4B1E-8AF4-FE7C5C8F1A2D}.Documentation|Any CPU.Build.0 = Debug|Any CPU
		{9711A9F5-648D-4B1E-8AF4-FE7C5C8F1A2D}.Release|Any CPU.ActiveCfg = Release|Any CPU
		{9711A9F5-648D-4B1E-8AF4-FE7C5C8F1A2D}.Release|Any CPU.Build.0 = Release|Any CPU
	EndGlobalSection
	GlobalSection(SolutionProperties) = preSolution
		HideSolutionNode = FALSE
	EndGlobalSection
	GlobalSection(NestedProjects) = preSolution
		{7697554A-4470-4397-985E-45318EE22AF0} = {385B75F0-44DF-4B32-8676-BC46110467B7}
		{32E629D8-4D0A-4CE3-B6AF-7A045A8A0B2C} = {A26898D5-E8CB-4CC8-8997-59090DCF6ECD}
		{A90FCDD9-E6DE-4EAD-A06F-4E1065E412F4} = {385B75F0-44DF-4B32-8676-BC46110467B7}
		{26CB92E0-7747-4652-BC52-B543D122D1C9} = {A26898D5-E8CB-4CC8-8997-59090DCF6ECD}
		{66C7AABC-7181-4BAA-B1CA-0C65F8EC5DA7} = {DC1EEE90-C0C9-4124-B599-DD500E82E8EA}
		{D2DA0E53-7C2F-4340-8899-C81A6C7729B1} = {DC1EEE90-C0C9-4124-B599-DD500E82E8EA}
		{C6869B06-3637-42BE-A2A4-CF5855BB93E3} = {DC1EEE90-C0C9-4124-B599-DD500E82E8EA}
		{C5CFCEB9-26FB-4B50-9DE0-2D2F35B75B35} = {DC1EEE90-C0C9-4124-B599-DD500E82E8EA}
		{84771E4A-3CC2-4FF5-9465-A90E8D151D4D} = {385B75F0-44DF-4B32-8676-BC46110467B7}
		{3D6F1019-D503-450B-BDA4-D17B50C2E32B} = {A26898D5-E8CB-4CC8-8997-59090DCF6ECD}
		{53F3D385-0A0A-4AEB-B131-768174F40CA0} = {3D6F1019-D503-450B-BDA4-D17B50C2E32B}
		{11E6BE15-553E-4399-902B-EC78AABAA477} = {3D6F1019-D503-450B-BDA4-D17B50C2E32B}
		{DC1EEE90-C0C9-4124-B599-DD500E82E8EA} = {A26898D5-E8CB-4CC8-8997-59090DCF6ECD}
		{119C0D19-143E-427A-9A13-D2A916EEDCDC} = {A26898D5-E8CB-4CC8-8997-59090DCF6ECD}
		{7704A042-67F7-4DFD-934D-818392BAE282} = {119C0D19-143E-427A-9A13-D2A916EEDCDC}
		{9711A9F5-648D-4B1E-8AF4-FE7C5C8F1A2D} = {119C0D19-143E-427A-9A13-D2A916EEDCDC}
		{9D8DDB4A-20BE-4E1D-8324-5D80E0B50397} = {A26898D5-E8CB-4CC8-8997-59090DCF6ECD}
	EndGlobalSection
	GlobalSection(ExtensibilityGlobals) = postSolution
		SolutionGuid = {9990775D-5FC4-4B23-8374-05AE6A536EC8}
	EndGlobalSection
EndGlobal
