
Microsoft Visual Studio Solution File, Format Version 12.00
# Visual Studio Version 16
VisualStudioVersion = 16.0.29424.173
MinimumVisualStudioVersion = 10.0.40219.1
Project("{2150E333-8FDC-42A3-9474-1A3956D46DE8}") = "VA", "VA", "{BD62412B-FAA5-475A-93F3-4980DB0FED7D}"
EndProject
Project("{2150E333-8FDC-42A3-9474-1A3956D46DE8}") = "Skill", "Skill", "{966EB351-B32F-4E0C-ABD8-804D3357FFFE}"
EndProject
Project("{9A19103F-16F7-4668-BE54-9A1E7A4F7556}") = "VirtualAssistantSample", "VirtualAssistantSample\VirtualAssistantSample.csproj", "{1B88BF44-E6D7-441A-931F-8EC00F6954C8}"
EndProject
Project("{9A19103F-16F7-4668-BE54-9A1E7A4F7556}") = "VirtualAssistantSample.Tests", "VirtualAssistantSample.Tests\VirtualAssistantSample.Tests.csproj", "{909085AC-BFB6-4A90-B5A5-3D07F7E63900}"
EndProject
Project("{9A19103F-16F7-4668-BE54-9A1E7A4F7556}") = "SkillSample", "SkillSample\SkillSample.csproj", "{9150CBC6-1F6F-4DC7-BDC4-7603084D8DE5}"
EndProject
Project("{9A19103F-16F7-4668-BE54-9A1E7A4F7556}") = "SkillSample.Tests", "SkillSample.Tests\SkillSample.Tests.csproj", "{9FDB90E0-D670-4416-B66D-F48F6A26C6D8}"
EndProject
Global
	GlobalSection(SolutionConfigurationPlatforms) = preSolution
		Debug|Any CPU = Debug|Any CPU
		Release|Any CPU = Release|Any CPU
	EndGlobalSection
	GlobalSection(ProjectConfigurationPlatforms) = postSolution
		{1B88BF44-E6D7-441A-931F-8EC00F6954C8}.Debug|Any CPU.ActiveCfg = Debug|Any CPU
		{1B88BF44-E6D7-441A-931F-8EC00F6954C8}.Debug|Any CPU.Build.0 = Debug|Any CPU
		{1B88BF44-E6D7-441A-931F-8EC00F6954C8}.Release|Any CPU.ActiveCfg = Release|Any CPU
		{1B88BF44-E6D7-441A-931F-8EC00F6954C8}.Release|Any CPU.Build.0 = Release|Any CPU
		{909085AC-BFB6-4A90-B5A5-3D07F7E63900}.Debug|Any CPU.ActiveCfg = Debug|Any CPU
		{909085AC-BFB6-4A90-B5A5-3D07F7E63900}.Debug|Any CPU.Build.0 = Debug|Any CPU
		{909085AC-BFB6-4A90-B5A5-3D07F7E63900}.Release|Any CPU.ActiveCfg = Release|Any CPU
		{909085AC-BFB6-4A90-B5A5-3D07F7E63900}.Release|Any CPU.Build.0 = Release|Any CPU
		{9150CBC6-1F6F-4DC7-BDC4-7603084D8DE5}.Debug|Any CPU.ActiveCfg = Debug|Any CPU
		{9150CBC6-1F6F-4DC7-BDC4-7603084D8DE5}.Debug|Any CPU.Build.0 = Debug|Any CPU
		{9150CBC6-1F6F-4DC7-BDC4-7603084D8DE5}.Release|Any CPU.ActiveCfg = Release|Any CPU
		{9150CBC6-1F6F-4DC7-BDC4-7603084D8DE5}.Release|Any CPU.Build.0 = Release|Any CPU
		{9FDB90E0-D670-4416-B66D-F48F6A26C6D8}.Debug|Any CPU.ActiveCfg = Debug|Any CPU
		{9FDB90E0-D670-4416-B66D-F48F6A26C6D8}.Debug|Any CPU.Build.0 = Debug|Any CPU
		{9FDB90E0-D670-4416-B66D-F48F6A26C6D8}.Release|Any CPU.ActiveCfg = Release|Any CPU
		{9FDB90E0-D670-4416-B66D-F48F6A26C6D8}.Release|Any CPU.Build.0 = Release|Any CPU
	EndGlobalSection
	GlobalSection(SolutionProperties) = preSolution
		HideSolutionNode = FALSE
	EndGlobalSection
	GlobalSection(NestedProjects) = preSolution
		{1B88BF44-E6D7-441A-931F-8EC00F6954C8} = {BD62412B-FAA5-475A-93F3-4980DB0FED7D}
		{909085AC-BFB6-4A90-B5A5-3D07F7E63900} = {BD62412B-FAA5-475A-93F3-4980DB0FED7D}
		{9150CBC6-1F6F-4DC7-BDC4-7603084D8DE5} = {966EB351-B32F-4E0C-ABD8-804D3357FFFE}
		{9FDB90E0-D670-4416-B66D-F48F6A26C6D8} = {966EB351-B32F-4E0C-ABD8-804D3357FFFE}
	EndGlobalSection
	GlobalSection(ExtensibilityGlobals) = postSolution
		SolutionGuid = {03D2E957-9568-4F2E-9176-45179E11B252}
	EndGlobalSection
EndGlobal
