
Microsoft Visual Studio Solution File, Format Version 12.00
# Visual Studio 15
VisualStudioVersion = 15.0.28010.2003
MinimumVisualStudioVersion = 10.0.40219.1
Project("{9A19103F-16F7-4668-BE54-9A1E7A4F7556}") = "CalendarSkill", "Skills\CalendarSkill\CalendarSkill.csproj", "{DD13E87A-BE59-4E59-9CB7-5A92641A5977}"
EndProject
Project("{9A19103F-16F7-4668-BE54-9A1E7A4F7556}") = "EmailSkill", "Skills\EmailSkill\EmailSkill.csproj", "{900B7A0F-88F1-45C2-BB9A-5061501A5D7F}"
EndProject
Project("{9A19103F-16F7-4668-BE54-9A1E7A4F7556}") = "ToDoSkill", "Skills\ToDoSkill\ToDoSkill.csproj", "{CA3D9482-5D48-4370-8BEA-B287CCD82B13}"
EndProject
Project("{9A19103F-16F7-4668-BE54-9A1E7A4F7556}") = "DemoSkill", "Skills\DemoSkill\DemoSkill.csproj", "{3D0D36DC-92DF-4C48-984E-0B9049204FAC}"
EndProject
Project("{9A19103F-16F7-4668-BE54-9A1E7A4F7556}") = "PointOfInterestSkill", "Skills\PointOfInterestSkill\PointOfInterestSkill.csproj", "{9942A6A1-4744-483C-813B-A81775D6E9F2}"
EndProject
Project("{9A19103F-16F7-4668-BE54-9A1E7A4F7556}") = "Microsoft.Bot.Solutions", "Microsoft.Bot.Solutions\Microsoft.Bot.Solutions.csproj", "{103DCD18-460F-4BEE-ACA1-AAD99A346D62}"
EndProject
Global
	GlobalSection(SolutionConfigurationPlatforms) = preSolution
		Debug|Any CPU = Debug|Any CPU
		Release|Any CPU = Release|Any CPU
	EndGlobalSection
	GlobalSection(ProjectConfigurationPlatforms) = postSolution
		{DD13E87A-BE59-4E59-9CB7-5A92641A5977}.Debug|Any CPU.ActiveCfg = Debug|Any CPU
		{DD13E87A-BE59-4E59-9CB7-5A92641A5977}.Debug|Any CPU.Build.0 = Debug|Any CPU
		{DD13E87A-BE59-4E59-9CB7-5A92641A5977}.Release|Any CPU.ActiveCfg = Release|Any CPU
		{DD13E87A-BE59-4E59-9CB7-5A92641A5977}.Release|Any CPU.Build.0 = Release|Any CPU
		{900B7A0F-88F1-45C2-BB9A-5061501A5D7F}.Debug|Any CPU.ActiveCfg = Debug|Any CPU
		{900B7A0F-88F1-45C2-BB9A-5061501A5D7F}.Debug|Any CPU.Build.0 = Debug|Any CPU
		{900B7A0F-88F1-45C2-BB9A-5061501A5D7F}.Release|Any CPU.ActiveCfg = Release|Any CPU
		{900B7A0F-88F1-45C2-BB9A-5061501A5D7F}.Release|Any CPU.Build.0 = Release|Any CPU
		{CA3D9482-5D48-4370-8BEA-B287CCD82B13}.Debug|Any CPU.ActiveCfg = Debug|Any CPU
		{CA3D9482-5D48-4370-8BEA-B287CCD82B13}.Debug|Any CPU.Build.0 = Debug|Any CPU
		{CA3D9482-5D48-4370-8BEA-B287CCD82B13}.Release|Any CPU.ActiveCfg = Release|Any CPU
		{CA3D9482-5D48-4370-8BEA-B287CCD82B13}.Release|Any CPU.Build.0 = Release|Any CPU
		{3D0D36DC-92DF-4C48-984E-0B9049204FAC}.Debug|Any CPU.ActiveCfg = Debug|Any CPU
		{3D0D36DC-92DF-4C48-984E-0B9049204FAC}.Debug|Any CPU.Build.0 = Debug|Any CPU
		{3D0D36DC-92DF-4C48-984E-0B9049204FAC}.Release|Any CPU.ActiveCfg = Release|Any CPU
		{3D0D36DC-92DF-4C48-984E-0B9049204FAC}.Release|Any CPU.Build.0 = Release|Any CPU
		{9942A6A1-4744-483C-813B-A81775D6E9F2}.Debug|Any CPU.ActiveCfg = Debug|Any CPU
		{9942A6A1-4744-483C-813B-A81775D6E9F2}.Debug|Any CPU.Build.0 = Debug|Any CPU
		{9942A6A1-4744-483C-813B-A81775D6E9F2}.Release|Any CPU.ActiveCfg = Release|Any CPU
		{9942A6A1-4744-483C-813B-A81775D6E9F2}.Release|Any CPU.Build.0 = Release|Any CPU
		{103DCD18-460F-4BEE-ACA1-AAD99A346D62}.Debug|Any CPU.ActiveCfg = Debug|Any CPU
		{103DCD18-460F-4BEE-ACA1-AAD99A346D62}.Debug|Any CPU.Build.0 = Debug|Any CPU
		{103DCD18-460F-4BEE-ACA1-AAD99A346D62}.Release|Any CPU.ActiveCfg = Release|Any CPU
		{103DCD18-460F-4BEE-ACA1-AAD99A346D62}.Release|Any CPU.Build.0 = Release|Any CPU
	EndGlobalSection
	GlobalSection(SolutionProperties) = preSolution
		HideSolutionNode = FALSE
	EndGlobalSection
	GlobalSection(ExtensibilityGlobals) = postSolution
		SolutionGuid = {4B49FC7B-8A53-476E-B437-9B7F815639E0}
	EndGlobalSection
EndGlobal
