
Microsoft Visual Studio Solution File, Format Version 12.00
# Visual Studio 15
VisualStudioVersion = 15.0.28010.0
MinimumVisualStudioVersion = 10.0.40219.1
Project("{9A19103F-16F7-4668-BE54-9A1E7A4F7556}") = "VirtualAssistant", "assistant\VirtualAssistant.csproj", "{D207238E-C1C2-4449-9984-1BE1F15B9B35}"
EndProject
Project("{9A19103F-16F7-4668-BE54-9A1E7A4F7556}") = "Microsoft.Bot.Solutions", "Microsoft.Bot.Solutions\Microsoft.Bot.Solutions.csproj", "{0106AD2E-C570-42DF-B54B-3ACA50D58D80}"
EndProject
Project("{2150E333-8FDC-42A3-9474-1A3956D46DE8}") = "Tests", "Tests", "{DFCBFFD7-4882-4C3B-9E21-83EE29CE59BF}"
EndProject
Project("{9A19103F-16F7-4668-BE54-9A1E7A4F7556}") = "Microsoft.Bot.Solutions.Tests", "tests\Microsoft.Bot.Solutions.Tests\Microsoft.Bot.Solutions.Tests.csproj", "{18366252-CEA5-4FB9-A022-ED957B491237}"
EndProject
Project("{2150E333-8FDC-42A3-9474-1A3956D46DE8}") = "CalendarSkill", "CalendarSkill", "{B80B8316-D162-4115-ADAB-9BB1D59F5B9F}"
EndProject
Project("{2150E333-8FDC-42A3-9474-1A3956D46DE8}") = "EmailSkill", "EmailSkill", "{3BE68551-9B7F-45DC-96EE-912F4E5D78CF}"
EndProject
Project("{2150E333-8FDC-42A3-9474-1A3956D46DE8}") = "ToDoSkill", "ToDoSkill", "{34685E93-D227-4564-B9ED-82C1CEA7F202}"
EndProject
Project("{2150E333-8FDC-42A3-9474-1A3956D46DE8}") = "PointOfInterestSkill", "PointOfInterestSkill", "{7610688A-989B-45C1-9052-342FB22575E7}"
EndProject
Project("{2150E333-8FDC-42A3-9474-1A3956D46DE8}") = "AutomotiveSkill", "AutomotiveSkill", "{701C5922-4A42-4DC8-A352-45765A58803A}"
EndProject
Project("{9A19103F-16F7-4668-BE54-9A1E7A4F7556}") = "AutomotiveSkill", "skills\automotiveskill\automotiveskill\AutomotiveSkill.csproj", "{53407FB5-E481-4429-8E05-43008A202438}"
EndProject
Project("{9A19103F-16F7-4668-BE54-9A1E7A4F7556}") = "AutomotiveSkillTest", "skills\automotiveskill\automotiveskilltest\AutomotiveSkillTest.csproj", "{1FC0AE07-4795-4828-A7A1-D1B8A30117E1}"
EndProject
Project("{9A19103F-16F7-4668-BE54-9A1E7A4F7556}") = "CalendarSkillTest", "skills\calendarskill\calendarskilltest\CalendarSkillTest.csproj", "{A04F0B4E-EC97-4848-8970-0287C9367C61}"
EndProject
Project("{9A19103F-16F7-4668-BE54-9A1E7A4F7556}") = "EmailSkill", "skills\emailskill\emailskill\EmailSkill.csproj", "{7A1820C0-E223-4CCB-B401-B70E0076DDA0}"
EndProject
Project("{9A19103F-16F7-4668-BE54-9A1E7A4F7556}") = "EmailSkillTest", "skills\emailskill\emailskilltest\EmailSkillTest.csproj", "{F96B94B4-4373-4961-A1AD-B63CDA17AC72}"
EndProject
Project("{9A19103F-16F7-4668-BE54-9A1E7A4F7556}") = "PointOfInterestSkill", "skills\pointofinterestskill\pointofinterestskill\PointOfInterestSkill.csproj", "{EDB7B510-7D96-44F5-8B37-7E86CB6679E1}"
EndProject
Project("{9A19103F-16F7-4668-BE54-9A1E7A4F7556}") = "ToDoSkill", "skills\todoskill\todoskill\ToDoSkill.csproj", "{9D6A835A-5126-47D7-BC22-187784CD4DBE}"
EndProject
Project("{9A19103F-16F7-4668-BE54-9A1E7A4F7556}") = "ToDoSkillTest", "skills\todoskill\todoskilltest\ToDoSkillTest.csproj", "{E0FF69D6-7FC1-4446-934E-50423930AE66}"
EndProject
Project("{2150E333-8FDC-42A3-9474-1A3956D46DE8}") = "Skills", "Skills", "{35B7FB90-4866-40C9-AD92-CEB5784CF034}"
EndProject
Project("{9A19103F-16F7-4668-BE54-9A1E7A4F7556}") = "CalendarSkill", "skills\calendarskill\calendarskill\CalendarSkill.csproj", "{D7FD8224-686B-463D-B20B-6ECB50F10AE4}"
EndProject
Project("{9A19103F-16F7-4668-BE54-9A1E7A4F7556}") = "VirtualAssistant.Tests", "tests\VirtualAssistant.Tests\VirtualAssistant.Tests.csproj", "{27C52F70-42F8-40C2-AE38-AB75515C3D91}"
EndProject
Global
	GlobalSection(SolutionConfigurationPlatforms) = preSolution
		Debug|Any CPU = Debug|Any CPU
		Release|Any CPU = Release|Any CPU
	EndGlobalSection
	GlobalSection(ProjectConfigurationPlatforms) = postSolution
		{D207238E-C1C2-4449-9984-1BE1F15B9B35}.Debug|Any CPU.ActiveCfg = Debug|Any CPU
		{D207238E-C1C2-4449-9984-1BE1F15B9B35}.Debug|Any CPU.Build.0 = Debug|Any CPU
		{D207238E-C1C2-4449-9984-1BE1F15B9B35}.Release|Any CPU.ActiveCfg = Release|Any CPU
		{D207238E-C1C2-4449-9984-1BE1F15B9B35}.Release|Any CPU.Build.0 = Release|Any CPU
		{0106AD2E-C570-42DF-B54B-3ACA50D58D80}.Debug|Any CPU.ActiveCfg = Debug|Any CPU
		{0106AD2E-C570-42DF-B54B-3ACA50D58D80}.Debug|Any CPU.Build.0 = Debug|Any CPU
		{0106AD2E-C570-42DF-B54B-3ACA50D58D80}.Release|Any CPU.ActiveCfg = Release|Any CPU
		{0106AD2E-C570-42DF-B54B-3ACA50D58D80}.Release|Any CPU.Build.0 = Release|Any CPU
		{18366252-CEA5-4FB9-A022-ED957B491237}.Debug|Any CPU.ActiveCfg = Debug|Any CPU
		{18366252-CEA5-4FB9-A022-ED957B491237}.Debug|Any CPU.Build.0 = Debug|Any CPU
		{18366252-CEA5-4FB9-A022-ED957B491237}.Release|Any CPU.ActiveCfg = Release|Any CPU
		{18366252-CEA5-4FB9-A022-ED957B491237}.Release|Any CPU.Build.0 = Release|Any CPU
		{53407FB5-E481-4429-8E05-43008A202438}.Debug|Any CPU.ActiveCfg = Debug|Any CPU
		{53407FB5-E481-4429-8E05-43008A202438}.Debug|Any CPU.Build.0 = Debug|Any CPU
		{53407FB5-E481-4429-8E05-43008A202438}.Release|Any CPU.ActiveCfg = Release|Any CPU
		{53407FB5-E481-4429-8E05-43008A202438}.Release|Any CPU.Build.0 = Release|Any CPU
		{1FC0AE07-4795-4828-A7A1-D1B8A30117E1}.Debug|Any CPU.ActiveCfg = Debug|Any CPU
		{1FC0AE07-4795-4828-A7A1-D1B8A30117E1}.Debug|Any CPU.Build.0 = Debug|Any CPU
		{1FC0AE07-4795-4828-A7A1-D1B8A30117E1}.Release|Any CPU.ActiveCfg = Release|Any CPU
		{1FC0AE07-4795-4828-A7A1-D1B8A30117E1}.Release|Any CPU.Build.0 = Release|Any CPU
		{A04F0B4E-EC97-4848-8970-0287C9367C61}.Debug|Any CPU.ActiveCfg = Debug|Any CPU
		{A04F0B4E-EC97-4848-8970-0287C9367C61}.Debug|Any CPU.Build.0 = Debug|Any CPU
		{A04F0B4E-EC97-4848-8970-0287C9367C61}.Release|Any CPU.ActiveCfg = Release|Any CPU
		{A04F0B4E-EC97-4848-8970-0287C9367C61}.Release|Any CPU.Build.0 = Release|Any CPU
		{7A1820C0-E223-4CCB-B401-B70E0076DDA0}.Debug|Any CPU.ActiveCfg = Debug|Any CPU
		{7A1820C0-E223-4CCB-B401-B70E0076DDA0}.Debug|Any CPU.Build.0 = Debug|Any CPU
		{7A1820C0-E223-4CCB-B401-B70E0076DDA0}.Release|Any CPU.ActiveCfg = Release|Any CPU
		{7A1820C0-E223-4CCB-B401-B70E0076DDA0}.Release|Any CPU.Build.0 = Release|Any CPU
		{F96B94B4-4373-4961-A1AD-B63CDA17AC72}.Debug|Any CPU.ActiveCfg = Debug|Any CPU
		{F96B94B4-4373-4961-A1AD-B63CDA17AC72}.Debug|Any CPU.Build.0 = Debug|Any CPU
		{F96B94B4-4373-4961-A1AD-B63CDA17AC72}.Release|Any CPU.ActiveCfg = Release|Any CPU
		{F96B94B4-4373-4961-A1AD-B63CDA17AC72}.Release|Any CPU.Build.0 = Release|Any CPU
		{EDB7B510-7D96-44F5-8B37-7E86CB6679E1}.Debug|Any CPU.ActiveCfg = Debug|Any CPU
		{EDB7B510-7D96-44F5-8B37-7E86CB6679E1}.Debug|Any CPU.Build.0 = Debug|Any CPU
		{EDB7B510-7D96-44F5-8B37-7E86CB6679E1}.Release|Any CPU.ActiveCfg = Release|Any CPU
		{EDB7B510-7D96-44F5-8B37-7E86CB6679E1}.Release|Any CPU.Build.0 = Release|Any CPU
		{9D6A835A-5126-47D7-BC22-187784CD4DBE}.Debug|Any CPU.ActiveCfg = Debug|Any CPU
		{9D6A835A-5126-47D7-BC22-187784CD4DBE}.Debug|Any CPU.Build.0 = Debug|Any CPU
		{9D6A835A-5126-47D7-BC22-187784CD4DBE}.Release|Any CPU.ActiveCfg = Release|Any CPU
		{9D6A835A-5126-47D7-BC22-187784CD4DBE}.Release|Any CPU.Build.0 = Release|Any CPU
		{E0FF69D6-7FC1-4446-934E-50423930AE66}.Debug|Any CPU.ActiveCfg = Debug|Any CPU
		{E0FF69D6-7FC1-4446-934E-50423930AE66}.Debug|Any CPU.Build.0 = Debug|Any CPU
		{E0FF69D6-7FC1-4446-934E-50423930AE66}.Release|Any CPU.ActiveCfg = Release|Any CPU
		{E0FF69D6-7FC1-4446-934E-50423930AE66}.Release|Any CPU.Build.0 = Release|Any CPU
		{D7FD8224-686B-463D-B20B-6ECB50F10AE4}.Debug|Any CPU.ActiveCfg = Debug|Any CPU
		{D7FD8224-686B-463D-B20B-6ECB50F10AE4}.Debug|Any CPU.Build.0 = Debug|Any CPU
		{D7FD8224-686B-463D-B20B-6ECB50F10AE4}.Release|Any CPU.ActiveCfg = Release|Any CPU
		{D7FD8224-686B-463D-B20B-6ECB50F10AE4}.Release|Any CPU.Build.0 = Release|Any CPU
		{27C52F70-42F8-40C2-AE38-AB75515C3D91}.Debug|Any CPU.ActiveCfg = Debug|Any CPU
		{27C52F70-42F8-40C2-AE38-AB75515C3D91}.Debug|Any CPU.Build.0 = Debug|Any CPU
		{27C52F70-42F8-40C2-AE38-AB75515C3D91}.Release|Any CPU.ActiveCfg = Release|Any CPU
		{27C52F70-42F8-40C2-AE38-AB75515C3D91}.Release|Any CPU.Build.0 = Release|Any CPU
	EndGlobalSection
	GlobalSection(SolutionProperties) = preSolution
		HideSolutionNode = FALSE
	EndGlobalSection
	GlobalSection(NestedProjects) = preSolution
		{18366252-CEA5-4FB9-A022-ED957B491237} = {DFCBFFD7-4882-4C3B-9E21-83EE29CE59BF}
		{B80B8316-D162-4115-ADAB-9BB1D59F5B9F} = {35B7FB90-4866-40C9-AD92-CEB5784CF034}
		{3BE68551-9B7F-45DC-96EE-912F4E5D78CF} = {35B7FB90-4866-40C9-AD92-CEB5784CF034}
		{34685E93-D227-4564-B9ED-82C1CEA7F202} = {35B7FB90-4866-40C9-AD92-CEB5784CF034}
		{7610688A-989B-45C1-9052-342FB22575E7} = {35B7FB90-4866-40C9-AD92-CEB5784CF034}
		{701C5922-4A42-4DC8-A352-45765A58803A} = {35B7FB90-4866-40C9-AD92-CEB5784CF034}
		{53407FB5-E481-4429-8E05-43008A202438} = {701C5922-4A42-4DC8-A352-45765A58803A}
		{1FC0AE07-4795-4828-A7A1-D1B8A30117E1} = {701C5922-4A42-4DC8-A352-45765A58803A}
		{A04F0B4E-EC97-4848-8970-0287C9367C61} = {B80B8316-D162-4115-ADAB-9BB1D59F5B9F}
		{7A1820C0-E223-4CCB-B401-B70E0076DDA0} = {3BE68551-9B7F-45DC-96EE-912F4E5D78CF}
		{F96B94B4-4373-4961-A1AD-B63CDA17AC72} = {3BE68551-9B7F-45DC-96EE-912F4E5D78CF}
		{EDB7B510-7D96-44F5-8B37-7E86CB6679E1} = {7610688A-989B-45C1-9052-342FB22575E7}
		{9D6A835A-5126-47D7-BC22-187784CD4DBE} = {34685E93-D227-4564-B9ED-82C1CEA7F202}
		{E0FF69D6-7FC1-4446-934E-50423930AE66} = {34685E93-D227-4564-B9ED-82C1CEA7F202}
		{D7FD8224-686B-463D-B20B-6ECB50F10AE4} = {B80B8316-D162-4115-ADAB-9BB1D59F5B9F}
		{27C52F70-42F8-40C2-AE38-AB75515C3D91} = {DFCBFFD7-4882-4C3B-9E21-83EE29CE59BF}
	EndGlobalSection
	GlobalSection(ExtensibilityGlobals) = postSolution
		SolutionGuid = {7569C2D0-1323-45B5-8CFF-3ECACD9E0B82}
	EndGlobalSection
EndGlobal
