
Microsoft Visual Studio Solution File, Format Version 12.00
# Visual Studio Version 16
VisualStudioVersion = 16.0.29424.173
MinimumVisualStudioVersion = 10.0.40219.1
Project("{9A19103F-16F7-4668-BE54-9A1E7A4F7556}") = "VirtualAssistantSample", "VirtualAssistantSample.csproj", "{9B13FC43-7E04-495D-B7E7-92D68DFAA9C0}"
EndProject
Project("{9A19103F-16F7-4668-BE54-9A1E7A4F7556}") = "VirtualAssistantSample.Tests", "..\VirtualAssistantSample.Tests\VirtualAssistantSample.Tests.csproj", "{9B0FACBE-B0ED-415B-BDD0-7CD25F77786A}"
EndProject
Global
	GlobalSection(SolutionConfigurationPlatforms) = preSolution
		Debug|Any CPU = Debug|Any CPU
		Release|Any CPU = Release|Any CPU
	EndGlobalSection
	GlobalSection(ProjectConfigurationPlatforms) = postSolution
		{9B13FC43-7E04-495D-B7E7-92D68DFAA9C0}.Debug|Any CPU.ActiveCfg = Debug|Any CPU
		{9B13FC43-7E04-495D-B7E7-92D68DFAA9C0}.Debug|Any CPU.Build.0 = Debug|Any CPU
		{9B13FC43-7E04-495D-B7E7-92D68DFAA9C0}.Release|Any CPU.ActiveCfg = Release|Any CPU
		{9B13FC43-7E04-495D-B7E7-92D68DFAA9C0}.Release|Any CPU.Build.0 = Release|Any CPU
		{9B0FACBE-B0ED-415B-BDD0-7CD25F77786A}.Debug|Any CPU.ActiveCfg = Debug|Any CPU
		{9B0FACBE-B0ED-415B-BDD0-7CD25F77786A}.Debug|Any CPU.Build.0 = Debug|Any CPU
		{9B0FACBE-B0ED-415B-BDD0-7CD25F77786A}.Release|Any CPU.ActiveCfg = Release|Any CPU
		{9B0FACBE-B0ED-415B-BDD0-7CD25F77786A}.Release|Any CPU.Build.0 = Release|Any CPU
	EndGlobalSection
	GlobalSection(SolutionProperties) = preSolution
		HideSolutionNode = FALSE
	EndGlobalSection
	GlobalSection(ExtensibilityGlobals) = postSolution
		SolutionGuid = {03D2E957-9568-4F2E-9176-45179E11B252}
	EndGlobalSection
EndGlobal
