
Microsoft Visual Studio Solution File, Format Version 12.00
# Visual Studio 15
VisualStudioVersion = 15.0.28010.2046
MinimumVisualStudioVersion = 10.0.40219.1
Project("{9A19103F-16F7-4668-BE54-9A1E7A4F7556}") = "NewsSkill", "NewsSkill.csproj", "{F73951D9-24AA-48D5-875F-BFB141747E06}"
EndProject
Project("{9A19103F-16F7-4668-BE54-9A1E7A4F7556}") = "Microsoft.Bot.Solutions", "..\..\..\microsoft.bot.solutions\Microsoft.Bot.Solutions.csproj", "{9422C616-34FA-4BE2-9C08-1203AB05B36A}"
EndProject
Global
	GlobalSection(SolutionConfigurationPlatforms) = preSolution
		Debug|Any CPU = Debug|Any CPU
		Release|Any CPU = Release|Any CPU
	EndGlobalSection
	GlobalSection(ProjectConfigurationPlatforms) = postSolution
		{F73951D9-24AA-48D5-875F-BFB141747E06}.Debug|Any CPU.ActiveCfg = Debug|Any CPU
		{F73951D9-24AA-48D5-875F-BFB141747E06}.Debug|Any CPU.Build.0 = Debug|Any CPU
		{F73951D9-24AA-48D5-875F-BFB141747E06}.Release|Any CPU.ActiveCfg = Release|Any CPU
		{F73951D9-24AA-48D5-875F-BFB141747E06}.Release|Any CPU.Build.0 = Release|Any CPU
		{9422C616-34FA-4BE2-9C08-1203AB05B36A}.Debug|Any CPU.ActiveCfg = Debug|Any CPU
		{9422C616-34FA-4BE2-9C08-1203AB05B36A}.Debug|Any CPU.Build.0 = Debug|Any CPU
		{9422C616-34FA-4BE2-9C08-1203AB05B36A}.Release|Any CPU.ActiveCfg = Release|Any CPU
		{9422C616-34FA-4BE2-9C08-1203AB05B36A}.Release|Any CPU.Build.0 = Release|Any CPU
	EndGlobalSection
	GlobalSection(SolutionProperties) = preSolution
		HideSolutionNode = FALSE
	EndGlobalSection
	GlobalSection(ExtensibilityGlobals) = postSolution
		SolutionGuid = {2564E506-92F0-4743-A364-3FA2BE021D54}
	EndGlobalSection
EndGlobal
