
Microsoft Visual Studio Solution File, Format Version 12.00
# Visual Studio Version 16
VisualStudioVersion = 16.0.28729.10
MinimumVisualStudioVersion = 10.0.40219.1
Project("{9A19103F-16F7-4668-BE54-9A1E7A4F7556}") = "VirtualAssistantTemplate", "VirtualAssistantTemplate\VirtualAssistantTemplate\VirtualAssistantTemplate.csproj", "{2ECA0FF9-C84C-4584-A81E-EF809357B8C2}"
EndProject
Project("{9A19103F-16F7-4668-BE54-9A1E7A4F7556}") = "VirtualAssistantTemplate.Tests", "VirtualAssistantTemplate\VirtualAssistantTemplate.Tests\VirtualAssistantTemplate.Tests.csproj", "{DA5F8DB9-6014-413D-8DE2-AF17F0E1DD70}"
EndProject
Project("{9A19103F-16F7-4668-BE54-9A1E7A4F7556}") = "Microsoft.Bot.Builder.Skills", "..\..\lib\csharp\microsoft.bot.builder.skills\Microsoft.Bot.Builder.Skills\Microsoft.Bot.Builder.Skills.csproj", "{AF3CAACD-5217-4520-B07F-D7CE3BA9207B}"
EndProject
Project("{9A19103F-16F7-4668-BE54-9A1E7A4F7556}") = "Microsoft.Bot.Builder.Skills.Tests", "..\..\lib\csharp\microsoft.bot.builder.skills\Microsoft.Bot.Builder.Skills.Tests\Microsoft.Bot.Builder.Skills.Tests.csproj", "{C4527913-0F04-47E7-AEBE-89938CA40C56}"
EndProject
Project("{2150E333-8FDC-42A3-9474-1A3956D46DE8}") = "Skills", "Skills", "{C4600362-8248-40AE-955D-8C7BE6D8CC49}"
EndProject
Project("{9A19103F-16F7-4668-BE54-9A1E7A4F7556}") = "CalendarSkill", "..\..\solutions\Virtual-Assistant\src\csharp\skills\calendarskill\calendarskill\CalendarSkill.csproj", "{F922B40F-5ABD-4670-BAB2-BC28AD28DDA7}"
EndProject
Project("{9A19103F-16F7-4668-BE54-9A1E7A4F7556}") = "EmailSkill", "..\..\solutions\Virtual-Assistant\src\csharp\skills\emailskill\emailskill\EmailSkill.csproj", "{13C7AB51-12FE-4298-BE6A-5D66B5EF5791}"
EndProject
Project("{9A19103F-16F7-4668-BE54-9A1E7A4F7556}") = "ToDoSkill", "..\..\solutions\Virtual-Assistant\src\csharp\skills\todoskill\todoskill\ToDoSkill.csproj", "{61E39158-9BC6-467E-979E-F1BE4AF46245}"
EndProject
Project("{9A19103F-16F7-4668-BE54-9A1E7A4F7556}") = "AutomotiveSkill", "..\..\solutions\Virtual-Assistant\src\csharp\skills\automotiveskill\automotiveskill\AutomotiveSkill.csproj", "{01DDE884-123D-480B-A8D4-553B9BDE30EE}"
EndProject
Project("{9A19103F-16F7-4668-BE54-9A1E7A4F7556}") = "PointOfInterestSkill", "..\..\solutions\Virtual-Assistant\src\csharp\skills\pointofinterestskill\pointofinterestskill\PointOfInterestSkill.csproj", "{B8CE5404-C1A9-43C3-BE53-17FBE7747901}"
EndProject
Project("{9A19103F-16F7-4668-BE54-9A1E7A4F7556}") = "NewsSkill", "..\..\solutions\Virtual-Assistant\src\csharp\experimental\skills\newsskill\NewsSkill.csproj", "{D467B78B-72E8-44E2-B914-747A61D3E521}"
EndProject
Project("{9A19103F-16F7-4668-BE54-9A1E7A4F7556}") = "RestaurantBooking", "..\..\solutions\Virtual-Assistant\src\csharp\experimental\skills\restaurantbooking\RestaurantBooking.csproj", "{BCA5846E-5FB7-4A93-BF81-6964CE8800ED}"
EndProject
Project("{9A19103F-16F7-4668-BE54-9A1E7A4F7556}") = "Microsoft.Bot.Builder.Solutions", "..\..\lib\csharp\microsoft.bot.builder.solutions\microsoft.bot.builder.solutions\Microsoft.Bot.Builder.Solutions.csproj", "{D0D9D7AE-2761-49A3-AFA7-1A96B4E47085}"
EndProject
Project("{2150E333-8FDC-42A3-9474-1A3956D46DE8}") = "Lib", "Lib", "{8527BBD6-EA59-4AA5-82C6-EF554095171E}"
EndProject
Project("{9A19103F-16F7-4668-BE54-9A1E7A4F7556}") = "ToDoSkillTest", "..\..\solutions\Virtual-Assistant\src\csharp\skills\todoskill\todoskilltest\ToDoSkillTest.csproj", "{48ABABED-6FFF-4800-817F-731A56A92C15}"
EndProject
Project("{9A19103F-16F7-4668-BE54-9A1E7A4F7556}") = "PointOfInterestSkillTests", "..\..\solutions\Virtual-Assistant\src\csharp\skills\pointofinterestskill\pointofinterestskilltests\PointOfInterestSkillTests.csproj", "{7D9B6AF4-CCC5-4CE9-A14A-38086BD8CE8A}"
EndProject
Project("{9A19103F-16F7-4668-BE54-9A1E7A4F7556}") = "EmailSkillTest", "..\..\solutions\Virtual-Assistant\src\csharp\skills\emailskill\emailskilltest\EmailSkillTest.csproj", "{FBE736FB-876D-49DC-8421-7CC00927B737}"
EndProject
Project("{9A19103F-16F7-4668-BE54-9A1E7A4F7556}") = "CalendarSkillTest", "..\..\solutions\Virtual-Assistant\src\csharp\skills\calendarskill\calendarskilltest\CalendarSkillTest.csproj", "{76BA503E-A899-4724-BAE6-668E2B640D08}"
EndProject
Project("{9A19103F-16F7-4668-BE54-9A1E7A4F7556}") = "AutomotiveSkillTest", "..\..\solutions\Virtual-Assistant\src\csharp\skills\automotiveskill\automotiveskilltest\AutomotiveSkillTest.csproj", "{13B2EA00-7118-4FF1-9058-0A81458F960F}"
EndProject
Global
	GlobalSection(SolutionConfigurationPlatforms) = preSolution
		Debug|Any CPU = Debug|Any CPU
		Release|Any CPU = Release|Any CPU
	EndGlobalSection
	GlobalSection(ProjectConfigurationPlatforms) = postSolution
		{2ECA0FF9-C84C-4584-A81E-EF809357B8C2}.Debug|Any CPU.ActiveCfg = Debug|Any CPU
		{2ECA0FF9-C84C-4584-A81E-EF809357B8C2}.Debug|Any CPU.Build.0 = Debug|Any CPU
		{2ECA0FF9-C84C-4584-A81E-EF809357B8C2}.Release|Any CPU.ActiveCfg = Release|Any CPU
		{2ECA0FF9-C84C-4584-A81E-EF809357B8C2}.Release|Any CPU.Build.0 = Release|Any CPU
		{DA5F8DB9-6014-413D-8DE2-AF17F0E1DD70}.Debug|Any CPU.ActiveCfg = Debug|Any CPU
		{DA5F8DB9-6014-413D-8DE2-AF17F0E1DD70}.Debug|Any CPU.Build.0 = Debug|Any CPU
		{DA5F8DB9-6014-413D-8DE2-AF17F0E1DD70}.Release|Any CPU.ActiveCfg = Release|Any CPU
		{DA5F8DB9-6014-413D-8DE2-AF17F0E1DD70}.Release|Any CPU.Build.0 = Release|Any CPU
		{AF3CAACD-5217-4520-B07F-D7CE3BA9207B}.Debug|Any CPU.ActiveCfg = Debug|Any CPU
		{AF3CAACD-5217-4520-B07F-D7CE3BA9207B}.Debug|Any CPU.Build.0 = Debug|Any CPU
		{AF3CAACD-5217-4520-B07F-D7CE3BA9207B}.Release|Any CPU.ActiveCfg = Release|Any CPU
		{AF3CAACD-5217-4520-B07F-D7CE3BA9207B}.Release|Any CPU.Build.0 = Release|Any CPU
		{C4527913-0F04-47E7-AEBE-89938CA40C56}.Debug|Any CPU.ActiveCfg = Debug|Any CPU
		{C4527913-0F04-47E7-AEBE-89938CA40C56}.Debug|Any CPU.Build.0 = Debug|Any CPU
		{C4527913-0F04-47E7-AEBE-89938CA40C56}.Release|Any CPU.ActiveCfg = Release|Any CPU
		{C4527913-0F04-47E7-AEBE-89938CA40C56}.Release|Any CPU.Build.0 = Release|Any CPU
		{F922B40F-5ABD-4670-BAB2-BC28AD28DDA7}.Debug|Any CPU.ActiveCfg = Debug|Any CPU
		{F922B40F-5ABD-4670-BAB2-BC28AD28DDA7}.Debug|Any CPU.Build.0 = Debug|Any CPU
		{F922B40F-5ABD-4670-BAB2-BC28AD28DDA7}.Release|Any CPU.ActiveCfg = Release|Any CPU
		{F922B40F-5ABD-4670-BAB2-BC28AD28DDA7}.Release|Any CPU.Build.0 = Release|Any CPU
		{13C7AB51-12FE-4298-BE6A-5D66B5EF5791}.Debug|Any CPU.ActiveCfg = Debug|Any CPU
		{13C7AB51-12FE-4298-BE6A-5D66B5EF5791}.Debug|Any CPU.Build.0 = Debug|Any CPU
		{13C7AB51-12FE-4298-BE6A-5D66B5EF5791}.Release|Any CPU.ActiveCfg = Release|Any CPU
		{13C7AB51-12FE-4298-BE6A-5D66B5EF5791}.Release|Any CPU.Build.0 = Release|Any CPU
		{61E39158-9BC6-467E-979E-F1BE4AF46245}.Debug|Any CPU.ActiveCfg = Debug|Any CPU
		{61E39158-9BC6-467E-979E-F1BE4AF46245}.Debug|Any CPU.Build.0 = Debug|Any CPU
		{61E39158-9BC6-467E-979E-F1BE4AF46245}.Release|Any CPU.ActiveCfg = Release|Any CPU
		{61E39158-9BC6-467E-979E-F1BE4AF46245}.Release|Any CPU.Build.0 = Release|Any CPU
		{01DDE884-123D-480B-A8D4-553B9BDE30EE}.Debug|Any CPU.ActiveCfg = Debug|Any CPU
		{01DDE884-123D-480B-A8D4-553B9BDE30EE}.Debug|Any CPU.Build.0 = Debug|Any CPU
		{01DDE884-123D-480B-A8D4-553B9BDE30EE}.Release|Any CPU.ActiveCfg = Release|Any CPU
		{01DDE884-123D-480B-A8D4-553B9BDE30EE}.Release|Any CPU.Build.0 = Release|Any CPU
		{B8CE5404-C1A9-43C3-BE53-17FBE7747901}.Debug|Any CPU.ActiveCfg = Debug|Any CPU
		{B8CE5404-C1A9-43C3-BE53-17FBE7747901}.Debug|Any CPU.Build.0 = Debug|Any CPU
		{B8CE5404-C1A9-43C3-BE53-17FBE7747901}.Release|Any CPU.ActiveCfg = Release|Any CPU
		{B8CE5404-C1A9-43C3-BE53-17FBE7747901}.Release|Any CPU.Build.0 = Release|Any CPU
		{D467B78B-72E8-44E2-B914-747A61D3E521}.Debug|Any CPU.ActiveCfg = Debug|Any CPU
		{D467B78B-72E8-44E2-B914-747A61D3E521}.Debug|Any CPU.Build.0 = Debug|Any CPU
		{D467B78B-72E8-44E2-B914-747A61D3E521}.Release|Any CPU.ActiveCfg = Release|Any CPU
		{D467B78B-72E8-44E2-B914-747A61D3E521}.Release|Any CPU.Build.0 = Release|Any CPU
		{BCA5846E-5FB7-4A93-BF81-6964CE8800ED}.Debug|Any CPU.ActiveCfg = Debug|Any CPU
		{BCA5846E-5FB7-4A93-BF81-6964CE8800ED}.Debug|Any CPU.Build.0 = Debug|Any CPU
		{BCA5846E-5FB7-4A93-BF81-6964CE8800ED}.Release|Any CPU.ActiveCfg = Release|Any CPU
		{BCA5846E-5FB7-4A93-BF81-6964CE8800ED}.Release|Any CPU.Build.0 = Release|Any CPU
		{D0D9D7AE-2761-49A3-AFA7-1A96B4E47085}.Debug|Any CPU.ActiveCfg = Debug|Any CPU
		{D0D9D7AE-2761-49A3-AFA7-1A96B4E47085}.Debug|Any CPU.Build.0 = Debug|Any CPU
		{D0D9D7AE-2761-49A3-AFA7-1A96B4E47085}.Release|Any CPU.ActiveCfg = Release|Any CPU
		{D0D9D7AE-2761-49A3-AFA7-1A96B4E47085}.Release|Any CPU.Build.0 = Release|Any CPU
		{48ABABED-6FFF-4800-817F-731A56A92C15}.Debug|Any CPU.ActiveCfg = Debug|Any CPU
		{48ABABED-6FFF-4800-817F-731A56A92C15}.Debug|Any CPU.Build.0 = Debug|Any CPU
		{48ABABED-6FFF-4800-817F-731A56A92C15}.Release|Any CPU.ActiveCfg = Release|Any CPU
		{48ABABED-6FFF-4800-817F-731A56A92C15}.Release|Any CPU.Build.0 = Release|Any CPU
		{7D9B6AF4-CCC5-4CE9-A14A-38086BD8CE8A}.Debug|Any CPU.ActiveCfg = Debug|Any CPU
		{7D9B6AF4-CCC5-4CE9-A14A-38086BD8CE8A}.Debug|Any CPU.Build.0 = Debug|Any CPU
		{7D9B6AF4-CCC5-4CE9-A14A-38086BD8CE8A}.Release|Any CPU.ActiveCfg = Release|Any CPU
		{7D9B6AF4-CCC5-4CE9-A14A-38086BD8CE8A}.Release|Any CPU.Build.0 = Release|Any CPU
		{FBE736FB-876D-49DC-8421-7CC00927B737}.Debug|Any CPU.ActiveCfg = Debug|Any CPU
		{FBE736FB-876D-49DC-8421-7CC00927B737}.Debug|Any CPU.Build.0 = Debug|Any CPU
		{FBE736FB-876D-49DC-8421-7CC00927B737}.Release|Any CPU.ActiveCfg = Release|Any CPU
		{FBE736FB-876D-49DC-8421-7CC00927B737}.Release|Any CPU.Build.0 = Release|Any CPU
		{76BA503E-A899-4724-BAE6-668E2B640D08}.Debug|Any CPU.ActiveCfg = Debug|Any CPU
		{76BA503E-A899-4724-BAE6-668E2B640D08}.Debug|Any CPU.Build.0 = Debug|Any CPU
		{76BA503E-A899-4724-BAE6-668E2B640D08}.Release|Any CPU.ActiveCfg = Release|Any CPU
		{76BA503E-A899-4724-BAE6-668E2B640D08}.Release|Any CPU.Build.0 = Release|Any CPU
		{13B2EA00-7118-4FF1-9058-0A81458F960F}.Debug|Any CPU.ActiveCfg = Debug|Any CPU
		{13B2EA00-7118-4FF1-9058-0A81458F960F}.Debug|Any CPU.Build.0 = Debug|Any CPU
		{13B2EA00-7118-4FF1-9058-0A81458F960F}.Release|Any CPU.ActiveCfg = Release|Any CPU
		{13B2EA00-7118-4FF1-9058-0A81458F960F}.Release|Any CPU.Build.0 = Release|Any CPU
	EndGlobalSection
	GlobalSection(SolutionProperties) = preSolution
		HideSolutionNode = FALSE
	EndGlobalSection
	GlobalSection(NestedProjects) = preSolution
		{AF3CAACD-5217-4520-B07F-D7CE3BA9207B} = {8527BBD6-EA59-4AA5-82C6-EF554095171E}
		{C4527913-0F04-47E7-AEBE-89938CA40C56} = {8527BBD6-EA59-4AA5-82C6-EF554095171E}
		{F922B40F-5ABD-4670-BAB2-BC28AD28DDA7} = {C4600362-8248-40AE-955D-8C7BE6D8CC49}
		{13C7AB51-12FE-4298-BE6A-5D66B5EF5791} = {C4600362-8248-40AE-955D-8C7BE6D8CC49}
		{61E39158-9BC6-467E-979E-F1BE4AF46245} = {C4600362-8248-40AE-955D-8C7BE6D8CC49}
		{01DDE884-123D-480B-A8D4-553B9BDE30EE} = {C4600362-8248-40AE-955D-8C7BE6D8CC49}
		{B8CE5404-C1A9-43C3-BE53-17FBE7747901} = {C4600362-8248-40AE-955D-8C7BE6D8CC49}
		{D467B78B-72E8-44E2-B914-747A61D3E521} = {C4600362-8248-40AE-955D-8C7BE6D8CC49}
		{BCA5846E-5FB7-4A93-BF81-6964CE8800ED} = {C4600362-8248-40AE-955D-8C7BE6D8CC49}
		{D0D9D7AE-2761-49A3-AFA7-1A96B4E47085} = {8527BBD6-EA59-4AA5-82C6-EF554095171E}
		{48ABABED-6FFF-4800-817F-731A56A92C15} = {C4600362-8248-40AE-955D-8C7BE6D8CC49}
		{7D9B6AF4-CCC5-4CE9-A14A-38086BD8CE8A} = {C4600362-8248-40AE-955D-8C7BE6D8CC49}
		{FBE736FB-876D-49DC-8421-7CC00927B737} = {C4600362-8248-40AE-955D-8C7BE6D8CC49}
		{76BA503E-A899-4724-BAE6-668E2B640D08} = {C4600362-8248-40AE-955D-8C7BE6D8CC49}
		{13B2EA00-7118-4FF1-9058-0A81458F960F} = {C4600362-8248-40AE-955D-8C7BE6D8CC49}
	EndGlobalSection
	GlobalSection(ExtensibilityGlobals) = postSolution
		SolutionGuid = {3AE949A3-66FB-4B9A-B260-8F42B2E59837}
	EndGlobalSection
EndGlobal
