
Microsoft Visual Studio Solution File, Format Version 12.00
# Visual Studio Version 16
VisualStudioVersion = 16.0.29102.190
MinimumVisualStudioVersion = 10.0.40219.1
Project("{2150E333-8FDC-42A3-9474-1A3956D46DE8}") = "Skills", "Skills", "{34280F2E-60EB-4566-9ECD-56F114372037}"
EndProject
Project("{2150E333-8FDC-42A3-9474-1A3956D46DE8}") = "Tests", "Tests", "{15B08548-1311-4749-8816-186C3268386E}"
EndProject
Project("{2150E333-8FDC-42A3-9474-1A3956D46DE8}") = "Experimental", "Experimental", "{3665D242-1A88-4860-B148-BAB695B7B5E4}"
EndProject
Project("{9A19103F-16F7-4668-BE54-9A1E7A4F7556}") = "NewsSkill", "experimental\newsskill\NewsSkill.csproj", "{ED046DC9-DDA3-4F38-9430-E89FEBD8ACE5}"
EndProject
Project("{9A19103F-16F7-4668-BE54-9A1E7A4F7556}") = "WeatherSkill", "experimental\weatherskill\WeatherSkill.csproj", "{4A057581-2435-4E19-BA1B-30CE1E8AD504}"
EndProject
Project("{9A19103F-16F7-4668-BE54-9A1E7A4F7556}") = "HospitalitySkill", "experimental\hospitalityskill\HospitalitySkill.csproj", "{0EFEA4F2-DC7E-436E-B951-E9B566AFF7F0}"
EndProject
Project("{9A19103F-16F7-4668-BE54-9A1E7A4F7556}") = "MusicSkill", "experimental\musicskill\MusicSkill.csproj", "{A2ECB4BF-FD59-4746-B699-F1C326D561BB}"
EndProject
Project("{9A19103F-16F7-4668-BE54-9A1E7A4F7556}") = "EventSkill", "experimental\eventskill\EventSkill.csproj", "{5BF2293A-6E56-464A-8355-EDC8972F7E09}"
EndProject
Project("{9A19103F-16F7-4668-BE54-9A1E7A4F7556}") = "ITSMSkill", "experimental\itsmskill\ITSMSkill.csproj", "{3DEE3053-5DCC-4263-8692-2E96C7010997}"
EndProject
Project("{9A19103F-16F7-4668-BE54-9A1E7A4F7556}") = "BingSearchSkill", "experimental\bingsearchskill\BingSearchSkill.csproj", "{98AF8F5A-4CF9-45A3-93FD-836C54F9BD35}"
EndProject
Project("{9A19103F-16F7-4668-BE54-9A1E7A4F7556}") = "RestaurantBookingSkill", "experimental\restaurantbookingskill\RestaurantBookingSkill.csproj", "{9994CAA3-5648-4549-BEA2-6CFE9D1B77FC}"
EndProject
Project("{9A19103F-16F7-4668-BE54-9A1E7A4F7556}") = "AutomotiveSkill", "experimental\automotiveskill\AutomotiveSkill.csproj", "{C887B388-1AC6-4E7A-9659-82219C63CA65}"
EndProject
Project("{9A19103F-16F7-4668-BE54-9A1E7A4F7556}") = "PhoneSkill", "experimental\phoneskill\PhoneSkill.csproj", "{748D0940-CAF1-4F9A-9A70-D8E6983B2009}"
EndProject
Project("{9A19103F-16F7-4668-BE54-9A1E7A4F7556}") = "CalendarSkill", "calendarskill\CalendarSkill.csproj", "{73934C86-A6CB-44EB-B4B6-38B962ECD878}"
EndProject
Project("{9A19103F-16F7-4668-BE54-9A1E7A4F7556}") = "EmailSkill", "emailskill\EmailSkill.csproj", "{5A9BD232-437D-42BD-94D0-3A0AC6F012BC}"
EndProject
Project("{9A19103F-16F7-4668-BE54-9A1E7A4F7556}") = "ToDoSkill", "todoskill\ToDoSkill.csproj", "{4876922C-64B4-45F4-992F-E42DB0266769}"
EndProject
Project("{9A19103F-16F7-4668-BE54-9A1E7A4F7556}") = "PointOfInterestSkill", "pointofinterestskill\PointOfInterestSkill.csproj", "{5219290D-8277-419D-B7E8-EBF154751B78}"
EndProject
Project("{9A19103F-16F7-4668-BE54-9A1E7A4F7556}") = "AutomotiveSkill.Tests", "tests\automotiveskill.tests\AutomotiveSkill.Tests.csproj", "{71951CB9-39FB-4353-9FE1-FB04B2B29088}"
EndProject
Project("{9A19103F-16F7-4668-BE54-9A1E7A4F7556}") = "CalendarSkill.Tests", "tests\calendarskill.tests\CalendarSkill.Tests.csproj", "{3028E946-0C96-4921-A6B5-B08F70013DA6}"
EndProject
Project("{9A19103F-16F7-4668-BE54-9A1E7A4F7556}") = "EmailSkill.Tests", "tests\emailskill.tests\EmailSkill.Tests.csproj", "{F736804C-5EE5-4826-912D-6AA05F6894A3}"
EndProject
Project("{9A19103F-16F7-4668-BE54-9A1E7A4F7556}") = "PhoneSkill.Tests", "tests\phoneskill.tests\PhoneSkill.Tests.csproj", "{D579437F-2F4A-47D3-9052-A0F2D89AA462}"
EndProject
Project("{9A19103F-16F7-4668-BE54-9A1E7A4F7556}") = "PointOfInterestSkill.Tests", "tests\pointofinterestskill.tests\PointOfInterestSkill.Tests.csproj", "{60C61091-17E1-46B7-A358-190843D3AFE7}"
EndProject
Project("{9A19103F-16F7-4668-BE54-9A1E7A4F7556}") = "ToDoSkill.Tests", "tests\todoskill.tests\ToDoSkill.Tests.csproj", "{5882D204-F86A-47D1-8685-BFD357E5EBF6}"
EndProject
Project("{9A19103F-16F7-4668-BE54-9A1E7A4F7556}") = "ITSMSkill.Tests", "tests\itsmskill.tests\ITSMSkill.Tests.csproj", "{C3304FB4-D4D5-412F-9312-1ECE4DE573DA}"
EndProject
Project("{9A19103F-16F7-4668-BE54-9A1E7A4F7556}") = "HospitalitySkill.Tests", "tests\HospitalitySkill.Tests\HospitalitySkill.Tests.csproj", "{E3E37DC8-1AEC-4368-A7F0-62F93A82FDD0}"
EndProject
Project("{2150E333-8FDC-42A3-9474-1A3956D46DE8}") = "Shared", "Shared", "{CD5DDB01-5D23-4FF2-B2DE-3014D3987D37}"
EndProject
Project("{9A19103F-16F7-4668-BE54-9A1E7A4F7556}") = "SkillServiceLibrary", "shared\SkillServiceLibrary\SkillServiceLibrary.csproj", "{353A3B4A-2228-4EB2-9046-8E1CC7BBE06C}"
EndProject
Project("{9A19103F-16F7-4668-BE54-9A1E7A4F7556}") = "SkillServiceLibrary.Tests", "tests\SkillServiceLibrary.Tests\SkillServiceLibrary.Tests.csproj", "{2195351D-594F-40EC-AEDF-5FD082169A4E}"
EndProject
Project("{9A19103F-16F7-4668-BE54-9A1E7A4F7556}") = "SkillServiceLibrary.Fakes", "tests\SkillServiceLibrary.Fakes\SkillServiceLibrary.Fakes.csproj", "{F47A70EF-293A-4CF4-ABCC-E8290A373014}"
EndProject
Project("{9A19103F-16F7-4668-BE54-9A1E7A4F7556}") = "Microsoft.Bot.Solutions", "..\..\sdk\csharp\libraries\microsoft.bot.solutions\Microsoft.Bot.Solutions.csproj", "{25794192-9910-439A-83F0-F7BC85574CE9}"
EndProject
Global
	GlobalSection(SolutionConfigurationPlatforms) = preSolution
		Debug - NuGet Packages|Any CPU = Debug - NuGet Packages|Any CPU
		Debug|Any CPU = Debug|Any CPU
		Documentation|Any CPU = Documentation|Any CPU
		Release|Any CPU = Release|Any CPU
	EndGlobalSection
	GlobalSection(ProjectConfigurationPlatforms) = postSolution
		{ED046DC9-DDA3-4F38-9430-E89FEBD8ACE5}.Debug - NuGet Packages|Any CPU.ActiveCfg = Debug|Any CPU
		{ED046DC9-DDA3-4F38-9430-E89FEBD8ACE5}.Debug - NuGet Packages|Any CPU.Build.0 = Debug|Any CPU
		{ED046DC9-DDA3-4F38-9430-E89FEBD8ACE5}.Debug|Any CPU.ActiveCfg = Debug|Any CPU
		{ED046DC9-DDA3-4F38-9430-E89FEBD8ACE5}.Debug|Any CPU.Build.0 = Debug|Any CPU
		{ED046DC9-DDA3-4F38-9430-E89FEBD8ACE5}.Documentation|Any CPU.ActiveCfg = Debug|Any CPU
		{ED046DC9-DDA3-4F38-9430-E89FEBD8ACE5}.Documentation|Any CPU.Build.0 = Debug|Any CPU
		{ED046DC9-DDA3-4F38-9430-E89FEBD8ACE5}.Release|Any CPU.ActiveCfg = Release|Any CPU
		{ED046DC9-DDA3-4F38-9430-E89FEBD8ACE5}.Release|Any CPU.Build.0 = Release|Any CPU
		{4A057581-2435-4E19-BA1B-30CE1E8AD504}.Debug - NuGet Packages|Any CPU.ActiveCfg = Debug|Any CPU
		{4A057581-2435-4E19-BA1B-30CE1E8AD504}.Debug - NuGet Packages|Any CPU.Build.0 = Debug|Any CPU
		{4A057581-2435-4E19-BA1B-30CE1E8AD504}.Debug|Any CPU.ActiveCfg = Debug|Any CPU
		{4A057581-2435-4E19-BA1B-30CE1E8AD504}.Debug|Any CPU.Build.0 = Debug|Any CPU
		{4A057581-2435-4E19-BA1B-30CE1E8AD504}.Documentation|Any CPU.ActiveCfg = Debug|Any CPU
		{4A057581-2435-4E19-BA1B-30CE1E8AD504}.Documentation|Any CPU.Build.0 = Debug|Any CPU
		{4A057581-2435-4E19-BA1B-30CE1E8AD504}.Release|Any CPU.ActiveCfg = Release|Any CPU
		{4A057581-2435-4E19-BA1B-30CE1E8AD504}.Release|Any CPU.Build.0 = Release|Any CPU
		{0EFEA4F2-DC7E-436E-B951-E9B566AFF7F0}.Debug - NuGet Packages|Any CPU.ActiveCfg = Debug|Any CPU
		{0EFEA4F2-DC7E-436E-B951-E9B566AFF7F0}.Debug - NuGet Packages|Any CPU.Build.0 = Debug|Any CPU
		{0EFEA4F2-DC7E-436E-B951-E9B566AFF7F0}.Debug|Any CPU.ActiveCfg = Debug|Any CPU
		{0EFEA4F2-DC7E-436E-B951-E9B566AFF7F0}.Debug|Any CPU.Build.0 = Debug|Any CPU
		{0EFEA4F2-DC7E-436E-B951-E9B566AFF7F0}.Documentation|Any CPU.ActiveCfg = Debug|Any CPU
		{0EFEA4F2-DC7E-436E-B951-E9B566AFF7F0}.Documentation|Any CPU.Build.0 = Debug|Any CPU
		{0EFEA4F2-DC7E-436E-B951-E9B566AFF7F0}.Release|Any CPU.ActiveCfg = Release|Any CPU
		{0EFEA4F2-DC7E-436E-B951-E9B566AFF7F0}.Release|Any CPU.Build.0 = Release|Any CPU
		{A2ECB4BF-FD59-4746-B699-F1C326D561BB}.Debug - NuGet Packages|Any CPU.ActiveCfg = Debug|Any CPU
		{A2ECB4BF-FD59-4746-B699-F1C326D561BB}.Debug - NuGet Packages|Any CPU.Build.0 = Debug|Any CPU
		{A2ECB4BF-FD59-4746-B699-F1C326D561BB}.Debug|Any CPU.ActiveCfg = Debug|Any CPU
		{A2ECB4BF-FD59-4746-B699-F1C326D561BB}.Debug|Any CPU.Build.0 = Debug|Any CPU
		{A2ECB4BF-FD59-4746-B699-F1C326D561BB}.Documentation|Any CPU.ActiveCfg = Debug|Any CPU
		{A2ECB4BF-FD59-4746-B699-F1C326D561BB}.Documentation|Any CPU.Build.0 = Debug|Any CPU
		{A2ECB4BF-FD59-4746-B699-F1C326D561BB}.Release|Any CPU.ActiveCfg = Release|Any CPU
		{A2ECB4BF-FD59-4746-B699-F1C326D561BB}.Release|Any CPU.Build.0 = Release|Any CPU
		{5BF2293A-6E56-464A-8355-EDC8972F7E09}.Debug - NuGet Packages|Any CPU.ActiveCfg = Debug|Any CPU
		{5BF2293A-6E56-464A-8355-EDC8972F7E09}.Debug - NuGet Packages|Any CPU.Build.0 = Debug|Any CPU
		{5BF2293A-6E56-464A-8355-EDC8972F7E09}.Debug|Any CPU.ActiveCfg = Debug|Any CPU
		{5BF2293A-6E56-464A-8355-EDC8972F7E09}.Debug|Any CPU.Build.0 = Debug|Any CPU
		{5BF2293A-6E56-464A-8355-EDC8972F7E09}.Documentation|Any CPU.ActiveCfg = Debug|Any CPU
		{5BF2293A-6E56-464A-8355-EDC8972F7E09}.Documentation|Any CPU.Build.0 = Debug|Any CPU
		{5BF2293A-6E56-464A-8355-EDC8972F7E09}.Release|Any CPU.ActiveCfg = Release|Any CPU
		{5BF2293A-6E56-464A-8355-EDC8972F7E09}.Release|Any CPU.Build.0 = Release|Any CPU
		{3DEE3053-5DCC-4263-8692-2E96C7010997}.Debug - NuGet Packages|Any CPU.ActiveCfg = Debug|Any CPU
		{3DEE3053-5DCC-4263-8692-2E96C7010997}.Debug - NuGet Packages|Any CPU.Build.0 = Debug|Any CPU
		{3DEE3053-5DCC-4263-8692-2E96C7010997}.Debug|Any CPU.ActiveCfg = Debug|Any CPU
		{3DEE3053-5DCC-4263-8692-2E96C7010997}.Debug|Any CPU.Build.0 = Debug|Any CPU
		{3DEE3053-5DCC-4263-8692-2E96C7010997}.Documentation|Any CPU.ActiveCfg = Debug|Any CPU
		{3DEE3053-5DCC-4263-8692-2E96C7010997}.Documentation|Any CPU.Build.0 = Debug|Any CPU
		{3DEE3053-5DCC-4263-8692-2E96C7010997}.Release|Any CPU.ActiveCfg = Release|Any CPU
		{3DEE3053-5DCC-4263-8692-2E96C7010997}.Release|Any CPU.Build.0 = Release|Any CPU
		{98AF8F5A-4CF9-45A3-93FD-836C54F9BD35}.Debug - NuGet Packages|Any CPU.ActiveCfg = Debug|Any CPU
		{98AF8F5A-4CF9-45A3-93FD-836C54F9BD35}.Debug - NuGet Packages|Any CPU.Build.0 = Debug|Any CPU
		{98AF8F5A-4CF9-45A3-93FD-836C54F9BD35}.Debug|Any CPU.ActiveCfg = Debug|Any CPU
		{98AF8F5A-4CF9-45A3-93FD-836C54F9BD35}.Debug|Any CPU.Build.0 = Debug|Any CPU
		{98AF8F5A-4CF9-45A3-93FD-836C54F9BD35}.Documentation|Any CPU.ActiveCfg = Debug|Any CPU
		{98AF8F5A-4CF9-45A3-93FD-836C54F9BD35}.Documentation|Any CPU.Build.0 = Debug|Any CPU
		{98AF8F5A-4CF9-45A3-93FD-836C54F9BD35}.Release|Any CPU.ActiveCfg = Release|Any CPU
		{98AF8F5A-4CF9-45A3-93FD-836C54F9BD35}.Release|Any CPU.Build.0 = Release|Any CPU
		{9994CAA3-5648-4549-BEA2-6CFE9D1B77FC}.Debug - NuGet Packages|Any CPU.ActiveCfg = Debug|Any CPU
		{9994CAA3-5648-4549-BEA2-6CFE9D1B77FC}.Debug - NuGet Packages|Any CPU.Build.0 = Debug|Any CPU
		{9994CAA3-5648-4549-BEA2-6CFE9D1B77FC}.Debug|Any CPU.ActiveCfg = Debug|Any CPU
		{9994CAA3-5648-4549-BEA2-6CFE9D1B77FC}.Debug|Any CPU.Build.0 = Debug|Any CPU
		{9994CAA3-5648-4549-BEA2-6CFE9D1B77FC}.Documentation|Any CPU.ActiveCfg = Debug|Any CPU
		{9994CAA3-5648-4549-BEA2-6CFE9D1B77FC}.Documentation|Any CPU.Build.0 = Debug|Any CPU
		{9994CAA3-5648-4549-BEA2-6CFE9D1B77FC}.Release|Any CPU.ActiveCfg = Release|Any CPU
		{9994CAA3-5648-4549-BEA2-6CFE9D1B77FC}.Release|Any CPU.Build.0 = Release|Any CPU
		{C887B388-1AC6-4E7A-9659-82219C63CA65}.Debug - NuGet Packages|Any CPU.ActiveCfg = Debug|Any CPU
		{C887B388-1AC6-4E7A-9659-82219C63CA65}.Debug - NuGet Packages|Any CPU.Build.0 = Debug|Any CPU
		{C887B388-1AC6-4E7A-9659-82219C63CA65}.Debug|Any CPU.ActiveCfg = Debug|Any CPU
		{C887B388-1AC6-4E7A-9659-82219C63CA65}.Debug|Any CPU.Build.0 = Debug|Any CPU
		{C887B388-1AC6-4E7A-9659-82219C63CA65}.Documentation|Any CPU.ActiveCfg = Debug|Any CPU
		{C887B388-1AC6-4E7A-9659-82219C63CA65}.Documentation|Any CPU.Build.0 = Debug|Any CPU
		{C887B388-1AC6-4E7A-9659-82219C63CA65}.Release|Any CPU.ActiveCfg = Release|Any CPU
		{C887B388-1AC6-4E7A-9659-82219C63CA65}.Release|Any CPU.Build.0 = Release|Any CPU
		{748D0940-CAF1-4F9A-9A70-D8E6983B2009}.Debug - NuGet Packages|Any CPU.ActiveCfg = Debug|Any CPU
		{748D0940-CAF1-4F9A-9A70-D8E6983B2009}.Debug - NuGet Packages|Any CPU.Build.0 = Debug|Any CPU
		{748D0940-CAF1-4F9A-9A70-D8E6983B2009}.Debug|Any CPU.ActiveCfg = Debug|Any CPU
		{748D0940-CAF1-4F9A-9A70-D8E6983B2009}.Debug|Any CPU.Build.0 = Debug|Any CPU
		{748D0940-CAF1-4F9A-9A70-D8E6983B2009}.Documentation|Any CPU.ActiveCfg = Debug|Any CPU
		{748D0940-CAF1-4F9A-9A70-D8E6983B2009}.Documentation|Any CPU.Build.0 = Debug|Any CPU
		{748D0940-CAF1-4F9A-9A70-D8E6983B2009}.Release|Any CPU.ActiveCfg = Release|Any CPU
		{748D0940-CAF1-4F9A-9A70-D8E6983B2009}.Release|Any CPU.Build.0 = Release|Any CPU
		{73934C86-A6CB-44EB-B4B6-38B962ECD878}.Debug - NuGet Packages|Any CPU.ActiveCfg = Debug|Any CPU
		{73934C86-A6CB-44EB-B4B6-38B962ECD878}.Debug - NuGet Packages|Any CPU.Build.0 = Debug|Any CPU
		{73934C86-A6CB-44EB-B4B6-38B962ECD878}.Debug|Any CPU.ActiveCfg = Debug|Any CPU
		{73934C86-A6CB-44EB-B4B6-38B962ECD878}.Debug|Any CPU.Build.0 = Debug|Any CPU
		{73934C86-A6CB-44EB-B4B6-38B962ECD878}.Documentation|Any CPU.ActiveCfg = Debug|Any CPU
		{73934C86-A6CB-44EB-B4B6-38B962ECD878}.Documentation|Any CPU.Build.0 = Debug|Any CPU
		{73934C86-A6CB-44EB-B4B6-38B962ECD878}.Release|Any CPU.ActiveCfg = Release|Any CPU
		{73934C86-A6CB-44EB-B4B6-38B962ECD878}.Release|Any CPU.Build.0 = Release|Any CPU
		{5A9BD232-437D-42BD-94D0-3A0AC6F012BC}.Debug - NuGet Packages|Any CPU.ActiveCfg = Debug|Any CPU
		{5A9BD232-437D-42BD-94D0-3A0AC6F012BC}.Debug - NuGet Packages|Any CPU.Build.0 = Debug|Any CPU
		{5A9BD232-437D-42BD-94D0-3A0AC6F012BC}.Debug|Any CPU.ActiveCfg = Debug|Any CPU
		{5A9BD232-437D-42BD-94D0-3A0AC6F012BC}.Debug|Any CPU.Build.0 = Debug|Any CPU
		{5A9BD232-437D-42BD-94D0-3A0AC6F012BC}.Documentation|Any CPU.ActiveCfg = Debug|Any CPU
		{5A9BD232-437D-42BD-94D0-3A0AC6F012BC}.Documentation|Any CPU.Build.0 = Debug|Any CPU
		{5A9BD232-437D-42BD-94D0-3A0AC6F012BC}.Release|Any CPU.ActiveCfg = Release|Any CPU
		{5A9BD232-437D-42BD-94D0-3A0AC6F012BC}.Release|Any CPU.Build.0 = Release|Any CPU
		{4876922C-64B4-45F4-992F-E42DB0266769}.Debug - NuGet Packages|Any CPU.ActiveCfg = Debug|Any CPU
		{4876922C-64B4-45F4-992F-E42DB0266769}.Debug - NuGet Packages|Any CPU.Build.0 = Debug|Any CPU
		{4876922C-64B4-45F4-992F-E42DB0266769}.Debug|Any CPU.ActiveCfg = Debug|Any CPU
		{4876922C-64B4-45F4-992F-E42DB0266769}.Debug|Any CPU.Build.0 = Debug|Any CPU
		{4876922C-64B4-45F4-992F-E42DB0266769}.Documentation|Any CPU.ActiveCfg = Debug|Any CPU
		{4876922C-64B4-45F4-992F-E42DB0266769}.Documentation|Any CPU.Build.0 = Debug|Any CPU
		{4876922C-64B4-45F4-992F-E42DB0266769}.Release|Any CPU.ActiveCfg = Release|Any CPU
		{4876922C-64B4-45F4-992F-E42DB0266769}.Release|Any CPU.Build.0 = Release|Any CPU
		{5219290D-8277-419D-B7E8-EBF154751B78}.Debug - NuGet Packages|Any CPU.ActiveCfg = Debug|Any CPU
		{5219290D-8277-419D-B7E8-EBF154751B78}.Debug - NuGet Packages|Any CPU.Build.0 = Debug|Any CPU
		{5219290D-8277-419D-B7E8-EBF154751B78}.Debug|Any CPU.ActiveCfg = Debug|Any CPU
		{5219290D-8277-419D-B7E8-EBF154751B78}.Debug|Any CPU.Build.0 = Debug|Any CPU
		{5219290D-8277-419D-B7E8-EBF154751B78}.Documentation|Any CPU.ActiveCfg = Debug|Any CPU
		{5219290D-8277-419D-B7E8-EBF154751B78}.Documentation|Any CPU.Build.0 = Debug|Any CPU
		{5219290D-8277-419D-B7E8-EBF154751B78}.Release|Any CPU.ActiveCfg = Release|Any CPU
		{5219290D-8277-419D-B7E8-EBF154751B78}.Release|Any CPU.Build.0 = Release|Any CPU
		{71951CB9-39FB-4353-9FE1-FB04B2B29088}.Debug - NuGet Packages|Any CPU.ActiveCfg = Debug|Any CPU
		{71951CB9-39FB-4353-9FE1-FB04B2B29088}.Debug - NuGet Packages|Any CPU.Build.0 = Debug|Any CPU
		{71951CB9-39FB-4353-9FE1-FB04B2B29088}.Debug|Any CPU.ActiveCfg = Debug|Any CPU
		{71951CB9-39FB-4353-9FE1-FB04B2B29088}.Debug|Any CPU.Build.0 = Debug|Any CPU
		{71951CB9-39FB-4353-9FE1-FB04B2B29088}.Documentation|Any CPU.ActiveCfg = Debug|Any CPU
		{71951CB9-39FB-4353-9FE1-FB04B2B29088}.Documentation|Any CPU.Build.0 = Debug|Any CPU
		{71951CB9-39FB-4353-9FE1-FB04B2B29088}.Release|Any CPU.ActiveCfg = Release|Any CPU
		{71951CB9-39FB-4353-9FE1-FB04B2B29088}.Release|Any CPU.Build.0 = Release|Any CPU
		{3028E946-0C96-4921-A6B5-B08F70013DA6}.Debug - NuGet Packages|Any CPU.ActiveCfg = Debug|Any CPU
		{3028E946-0C96-4921-A6B5-B08F70013DA6}.Debug - NuGet Packages|Any CPU.Build.0 = Debug|Any CPU
		{3028E946-0C96-4921-A6B5-B08F70013DA6}.Debug|Any CPU.ActiveCfg = Debug|Any CPU
		{3028E946-0C96-4921-A6B5-B08F70013DA6}.Debug|Any CPU.Build.0 = Debug|Any CPU
		{3028E946-0C96-4921-A6B5-B08F70013DA6}.Documentation|Any CPU.ActiveCfg = Debug|Any CPU
		{3028E946-0C96-4921-A6B5-B08F70013DA6}.Documentation|Any CPU.Build.0 = Debug|Any CPU
		{3028E946-0C96-4921-A6B5-B08F70013DA6}.Release|Any CPU.ActiveCfg = Release|Any CPU
		{3028E946-0C96-4921-A6B5-B08F70013DA6}.Release|Any CPU.Build.0 = Release|Any CPU
		{F736804C-5EE5-4826-912D-6AA05F6894A3}.Debug - NuGet Packages|Any CPU.ActiveCfg = Debug|Any CPU
		{F736804C-5EE5-4826-912D-6AA05F6894A3}.Debug - NuGet Packages|Any CPU.Build.0 = Debug|Any CPU
		{F736804C-5EE5-4826-912D-6AA05F6894A3}.Debug|Any CPU.ActiveCfg = Debug|Any CPU
		{F736804C-5EE5-4826-912D-6AA05F6894A3}.Debug|Any CPU.Build.0 = Debug|Any CPU
		{F736804C-5EE5-4826-912D-6AA05F6894A3}.Documentation|Any CPU.ActiveCfg = Debug|Any CPU
		{F736804C-5EE5-4826-912D-6AA05F6894A3}.Documentation|Any CPU.Build.0 = Debug|Any CPU
		{F736804C-5EE5-4826-912D-6AA05F6894A3}.Release|Any CPU.ActiveCfg = Release|Any CPU
		{F736804C-5EE5-4826-912D-6AA05F6894A3}.Release|Any CPU.Build.0 = Release|Any CPU
		{D579437F-2F4A-47D3-9052-A0F2D89AA462}.Debug - NuGet Packages|Any CPU.ActiveCfg = Debug|Any CPU
		{D579437F-2F4A-47D3-9052-A0F2D89AA462}.Debug - NuGet Packages|Any CPU.Build.0 = Debug|Any CPU
		{D579437F-2F4A-47D3-9052-A0F2D89AA462}.Debug|Any CPU.ActiveCfg = Debug|Any CPU
		{D579437F-2F4A-47D3-9052-A0F2D89AA462}.Debug|Any CPU.Build.0 = Debug|Any CPU
		{D579437F-2F4A-47D3-9052-A0F2D89AA462}.Documentation|Any CPU.ActiveCfg = Debug|Any CPU
		{D579437F-2F4A-47D3-9052-A0F2D89AA462}.Documentation|Any CPU.Build.0 = Debug|Any CPU
		{D579437F-2F4A-47D3-9052-A0F2D89AA462}.Release|Any CPU.ActiveCfg = Release|Any CPU
		{D579437F-2F4A-47D3-9052-A0F2D89AA462}.Release|Any CPU.Build.0 = Release|Any CPU
		{60C61091-17E1-46B7-A358-190843D3AFE7}.Debug - NuGet Packages|Any CPU.ActiveCfg = Debug|Any CPU
		{60C61091-17E1-46B7-A358-190843D3AFE7}.Debug - NuGet Packages|Any CPU.Build.0 = Debug|Any CPU
		{60C61091-17E1-46B7-A358-190843D3AFE7}.Debug|Any CPU.ActiveCfg = Debug|Any CPU
		{60C61091-17E1-46B7-A358-190843D3AFE7}.Debug|Any CPU.Build.0 = Debug|Any CPU
		{60C61091-17E1-46B7-A358-190843D3AFE7}.Documentation|Any CPU.ActiveCfg = Debug|Any CPU
		{60C61091-17E1-46B7-A358-190843D3AFE7}.Documentation|Any CPU.Build.0 = Debug|Any CPU
		{60C61091-17E1-46B7-A358-190843D3AFE7}.Release|Any CPU.ActiveCfg = Release|Any CPU
		{60C61091-17E1-46B7-A358-190843D3AFE7}.Release|Any CPU.Build.0 = Release|Any CPU
		{5882D204-F86A-47D1-8685-BFD357E5EBF6}.Debug - NuGet Packages|Any CPU.ActiveCfg = Debug|Any CPU
		{5882D204-F86A-47D1-8685-BFD357E5EBF6}.Debug - NuGet Packages|Any CPU.Build.0 = Debug|Any CPU
		{5882D204-F86A-47D1-8685-BFD357E5EBF6}.Debug|Any CPU.ActiveCfg = Debug|Any CPU
		{5882D204-F86A-47D1-8685-BFD357E5EBF6}.Debug|Any CPU.Build.0 = Debug|Any CPU
		{5882D204-F86A-47D1-8685-BFD357E5EBF6}.Documentation|Any CPU.ActiveCfg = Debug|Any CPU
		{5882D204-F86A-47D1-8685-BFD357E5EBF6}.Documentation|Any CPU.Build.0 = Debug|Any CPU
		{5882D204-F86A-47D1-8685-BFD357E5EBF6}.Release|Any CPU.ActiveCfg = Release|Any CPU
		{5882D204-F86A-47D1-8685-BFD357E5EBF6}.Release|Any CPU.Build.0 = Release|Any CPU
		{C3304FB4-D4D5-412F-9312-1ECE4DE573DA}.Debug - NuGet Packages|Any CPU.ActiveCfg = Debug|Any CPU
		{C3304FB4-D4D5-412F-9312-1ECE4DE573DA}.Debug - NuGet Packages|Any CPU.Build.0 = Debug|Any CPU
		{C3304FB4-D4D5-412F-9312-1ECE4DE573DA}.Debug|Any CPU.ActiveCfg = Debug|Any CPU
		{C3304FB4-D4D5-412F-9312-1ECE4DE573DA}.Debug|Any CPU.Build.0 = Debug|Any CPU
		{C3304FB4-D4D5-412F-9312-1ECE4DE573DA}.Documentation|Any CPU.ActiveCfg = Debug|Any CPU
		{C3304FB4-D4D5-412F-9312-1ECE4DE573DA}.Documentation|Any CPU.Build.0 = Debug|Any CPU
		{C3304FB4-D4D5-412F-9312-1ECE4DE573DA}.Release|Any CPU.ActiveCfg = Release|Any CPU
		{C3304FB4-D4D5-412F-9312-1ECE4DE573DA}.Release|Any CPU.Build.0 = Release|Any CPU
		{E3E37DC8-1AEC-4368-A7F0-62F93A82FDD0}.Debug - NuGet Packages|Any CPU.ActiveCfg = Debug|Any CPU
		{E3E37DC8-1AEC-4368-A7F0-62F93A82FDD0}.Debug - NuGet Packages|Any CPU.Build.0 = Debug|Any CPU
		{E3E37DC8-1AEC-4368-A7F0-62F93A82FDD0}.Debug|Any CPU.ActiveCfg = Debug|Any CPU
		{E3E37DC8-1AEC-4368-A7F0-62F93A82FDD0}.Debug|Any CPU.Build.0 = Debug|Any CPU
		{E3E37DC8-1AEC-4368-A7F0-62F93A82FDD0}.Documentation|Any CPU.ActiveCfg = Debug|Any CPU
		{E3E37DC8-1AEC-4368-A7F0-62F93A82FDD0}.Documentation|Any CPU.Build.0 = Debug|Any CPU
		{E3E37DC8-1AEC-4368-A7F0-62F93A82FDD0}.Release|Any CPU.ActiveCfg = Release|Any CPU
		{E3E37DC8-1AEC-4368-A7F0-62F93A82FDD0}.Release|Any CPU.Build.0 = Release|Any CPU
		{353A3B4A-2228-4EB2-9046-8E1CC7BBE06C}.Debug - NuGet Packages|Any CPU.ActiveCfg = Debug|Any CPU
		{353A3B4A-2228-4EB2-9046-8E1CC7BBE06C}.Debug - NuGet Packages|Any CPU.Build.0 = Debug|Any CPU
		{353A3B4A-2228-4EB2-9046-8E1CC7BBE06C}.Debug|Any CPU.ActiveCfg = Debug|Any CPU
		{353A3B4A-2228-4EB2-9046-8E1CC7BBE06C}.Debug|Any CPU.Build.0 = Debug|Any CPU
		{353A3B4A-2228-4EB2-9046-8E1CC7BBE06C}.Documentation|Any CPU.ActiveCfg = Debug|Any CPU
		{353A3B4A-2228-4EB2-9046-8E1CC7BBE06C}.Documentation|Any CPU.Build.0 = Debug|Any CPU
		{353A3B4A-2228-4EB2-9046-8E1CC7BBE06C}.Release|Any CPU.ActiveCfg = Release|Any CPU
		{353A3B4A-2228-4EB2-9046-8E1CC7BBE06C}.Release|Any CPU.Build.0 = Release|Any CPU
		{2195351D-594F-40EC-AEDF-5FD082169A4E}.Debug - NuGet Packages|Any CPU.ActiveCfg = Debug|Any CPU
		{2195351D-594F-40EC-AEDF-5FD082169A4E}.Debug - NuGet Packages|Any CPU.Build.0 = Debug|Any CPU
		{2195351D-594F-40EC-AEDF-5FD082169A4E}.Debug|Any CPU.ActiveCfg = Debug|Any CPU
		{2195351D-594F-40EC-AEDF-5FD082169A4E}.Debug|Any CPU.Build.0 = Debug|Any CPU
		{2195351D-594F-40EC-AEDF-5FD082169A4E}.Documentation|Any CPU.ActiveCfg = Debug|Any CPU
		{2195351D-594F-40EC-AEDF-5FD082169A4E}.Documentation|Any CPU.Build.0 = Debug|Any CPU
		{2195351D-594F-40EC-AEDF-5FD082169A4E}.Release|Any CPU.ActiveCfg = Release|Any CPU
		{2195351D-594F-40EC-AEDF-5FD082169A4E}.Release|Any CPU.Build.0 = Release|Any CPU
		{F47A70EF-293A-4CF4-ABCC-E8290A373014}.Debug - NuGet Packages|Any CPU.ActiveCfg = Debug|Any CPU
		{F47A70EF-293A-4CF4-ABCC-E8290A373014}.Debug - NuGet Packages|Any CPU.Build.0 = Debug|Any CPU
		{F47A70EF-293A-4CF4-ABCC-E8290A373014}.Debug|Any CPU.ActiveCfg = Debug|Any CPU
		{F47A70EF-293A-4CF4-ABCC-E8290A373014}.Debug|Any CPU.Build.0 = Debug|Any CPU
		{F47A70EF-293A-4CF4-ABCC-E8290A373014}.Documentation|Any CPU.ActiveCfg = Debug|Any CPU
		{F47A70EF-293A-4CF4-ABCC-E8290A373014}.Documentation|Any CPU.Build.0 = Debug|Any CPU
		{F47A70EF-293A-4CF4-ABCC-E8290A373014}.Release|Any CPU.ActiveCfg = Release|Any CPU
		{F47A70EF-293A-4CF4-ABCC-E8290A373014}.Release|Any CPU.Build.0 = Release|Any CPU
		{25794192-9910-439A-83F0-F7BC85574CE9}.Debug - NuGet Packages|Any CPU.ActiveCfg = Debug - NuGet Packages|Any CPU
		{25794192-9910-439A-83F0-F7BC85574CE9}.Debug - NuGet Packages|Any CPU.Build.0 = Debug - NuGet Packages|Any CPU
		{25794192-9910-439A-83F0-F7BC85574CE9}.Debug|Any CPU.ActiveCfg = Debug|Any CPU
		{25794192-9910-439A-83F0-F7BC85574CE9}.Debug|Any CPU.Build.0 = Debug|Any CPU
		{25794192-9910-439A-83F0-F7BC85574CE9}.Documentation|Any CPU.ActiveCfg = Documentation|Any CPU
		{25794192-9910-439A-83F0-F7BC85574CE9}.Documentation|Any CPU.Build.0 = Documentation|Any CPU
		{25794192-9910-439A-83F0-F7BC85574CE9}.Release|Any CPU.ActiveCfg = Release|Any CPU
		{25794192-9910-439A-83F0-F7BC85574CE9}.Release|Any CPU.Build.0 = Release|Any CPU
	EndGlobalSection
	GlobalSection(SolutionProperties) = preSolution
		HideSolutionNode = FALSE
	EndGlobalSection
	GlobalSection(NestedProjects) = preSolution
		{ED046DC9-DDA3-4F38-9430-E89FEBD8ACE5} = {3665D242-1A88-4860-B148-BAB695B7B5E4}
		{4A057581-2435-4E19-BA1B-30CE1E8AD504} = {3665D242-1A88-4860-B148-BAB695B7B5E4}
		{0EFEA4F2-DC7E-436E-B951-E9B566AFF7F0} = {3665D242-1A88-4860-B148-BAB695B7B5E4}
		{A2ECB4BF-FD59-4746-B699-F1C326D561BB} = {3665D242-1A88-4860-B148-BAB695B7B5E4}
		{5BF2293A-6E56-464A-8355-EDC8972F7E09} = {3665D242-1A88-4860-B148-BAB695B7B5E4}
		{3DEE3053-5DCC-4263-8692-2E96C7010997} = {3665D242-1A88-4860-B148-BAB695B7B5E4}
		{98AF8F5A-4CF9-45A3-93FD-836C54F9BD35} = {3665D242-1A88-4860-B148-BAB695B7B5E4}
		{9994CAA3-5648-4549-BEA2-6CFE9D1B77FC} = {3665D242-1A88-4860-B148-BAB695B7B5E4}
		{C887B388-1AC6-4E7A-9659-82219C63CA65} = {3665D242-1A88-4860-B148-BAB695B7B5E4}
		{748D0940-CAF1-4F9A-9A70-D8E6983B2009} = {3665D242-1A88-4860-B148-BAB695B7B5E4}
		{73934C86-A6CB-44EB-B4B6-38B962ECD878} = {34280F2E-60EB-4566-9ECD-56F114372037}
		{5A9BD232-437D-42BD-94D0-3A0AC6F012BC} = {34280F2E-60EB-4566-9ECD-56F114372037}
		{4876922C-64B4-45F4-992F-E42DB0266769} = {34280F2E-60EB-4566-9ECD-56F114372037}
		{5219290D-8277-419D-B7E8-EBF154751B78} = {34280F2E-60EB-4566-9ECD-56F114372037}
		{71951CB9-39FB-4353-9FE1-FB04B2B29088} = {15B08548-1311-4749-8816-186C3268386E}
		{3028E946-0C96-4921-A6B5-B08F70013DA6} = {15B08548-1311-4749-8816-186C3268386E}
		{F736804C-5EE5-4826-912D-6AA05F6894A3} = {15B08548-1311-4749-8816-186C3268386E}
		{D579437F-2F4A-47D3-9052-A0F2D89AA462} = {15B08548-1311-4749-8816-186C3268386E}
		{60C61091-17E1-46B7-A358-190843D3AFE7} = {15B08548-1311-4749-8816-186C3268386E}
		{5882D204-F86A-47D1-8685-BFD357E5EBF6} = {15B08548-1311-4749-8816-186C3268386E}
		{C3304FB4-D4D5-412F-9312-1ECE4DE573DA} = {15B08548-1311-4749-8816-186C3268386E}
		{E3E37DC8-1AEC-4368-A7F0-62F93A82FDD0} = {15B08548-1311-4749-8816-186C3268386E}
		{353A3B4A-2228-4EB2-9046-8E1CC7BBE06C} = {CD5DDB01-5D23-4FF2-B2DE-3014D3987D37}
		{2195351D-594F-40EC-AEDF-5FD082169A4E} = {15B08548-1311-4749-8816-186C3268386E}
		{F47A70EF-293A-4CF4-ABCC-E8290A373014} = {15B08548-1311-4749-8816-186C3268386E}
	EndGlobalSection
	GlobalSection(ExtensibilityGlobals) = postSolution
		SolutionGuid = {7B849B7E-CCF5-4031-91F7-CA835433B457}
	EndGlobalSection
EndGlobal
