
Microsoft Visual Studio Solution File, Format Version 12.00
# Visual Studio Version 16
VisualStudioVersion = 16.0.29503.13
MinimumVisualStudioVersion = 10.0.40219.1
Project("{9A19103F-16F7-4668-BE54-9A1E7A4F7556}") = "FoodOrderSkill", "FoodOrderSkill\FoodOrderSkill.csproj", "{6C02EF6E-105F-47CE-8784-047A0C0A01A2}"
	ProjectSection(ProjectDependencies) = postProject
		{41DB5423-5BBB-4183-9EDC-90A07F320C84} = {41DB5423-5BBB-4183-9EDC-90A07F320C84}
		{DC29C99A-41B4-4DFD-9796-B3DB1DD29A61} = {DC29C99A-41B4-4DFD-9796-B3DB1DD29A61}
	EndProjectSection
EndProject
Project("{9A19103F-16F7-4668-BE54-9A1E7A4F7556}") = "FoodOrderSkill.Tests", "FoodOrderSkill.Tests\FoodOrderSkill.Tests.csproj", "{132E84DA-8D9D-40EA-836E-01B804504A33}"
EndProject
Project("{9A19103F-16F7-4668-BE54-9A1E7A4F7556}") = "Bot.Builder.Community.Adapters.Alexa", "..\..\..\..\..\botbuilder-community-dotnet\libraries\Bot.Builder.Community.Adapters.Alexa\Bot.Builder.Community.Adapters.Alexa.csproj", "{DC29C99A-41B4-4DFD-9796-B3DB1DD29A61}"
EndProject
Project("{9A19103F-16F7-4668-BE54-9A1E7A4F7556}") = "Bot.Builder.Community.Adapters.Google", "..\..\..\..\..\botbuilder-community-dotnet\libraries\Bot.Builder.Community.Adapters.Google\Bot.Builder.Community.Adapters.Google.csproj", "{41DB5423-5BBB-4183-9EDC-90A07F320C84}"
EndProject
Global
	GlobalSection(SolutionConfigurationPlatforms) = preSolution
		Debug|Any CPU = Debug|Any CPU
		Release|Any CPU = Release|Any CPU
	EndGlobalSection
	GlobalSection(ProjectConfigurationPlatforms) = postSolution
		{6C02EF6E-105F-47CE-8784-047A0C0A01A2}.Debug|Any CPU.ActiveCfg = Debug|Any CPU
		{6C02EF6E-105F-47CE-8784-047A0C0A01A2}.Debug|Any CPU.Build.0 = Debug|Any CPU
		{6C02EF6E-105F-47CE-8784-047A0C0A01A2}.Release|Any CPU.ActiveCfg = Release|Any CPU
		{6C02EF6E-105F-47CE-8784-047A0C0A01A2}.Release|Any CPU.Build.0 = Release|Any CPU
		{132E84DA-8D9D-40EA-836E-01B804504A33}.Debug|Any CPU.ActiveCfg = Debug|Any CPU
		{132E84DA-8D9D-40EA-836E-01B804504A33}.Debug|Any CPU.Build.0 = Debug|Any CPU
		{132E84DA-8D9D-40EA-836E-01B804504A33}.Release|Any CPU.ActiveCfg = Release|Any CPU
		{132E84DA-8D9D-40EA-836E-01B804504A33}.Release|Any CPU.Build.0 = Release|Any CPU
		{DC29C99A-41B4-4DFD-9796-B3DB1DD29A61}.Debug|Any CPU.ActiveCfg = Debug|Any CPU
		{DC29C99A-41B4-4DFD-9796-B3DB1DD29A61}.Debug|Any CPU.Build.0 = Debug|Any CPU
		{DC29C99A-41B4-4DFD-9796-B3DB1DD29A61}.Release|Any CPU.ActiveCfg = Release|Any CPU
		{DC29C99A-41B4-4DFD-9796-B3DB1DD29A61}.Release|Any CPU.Build.0 = Release|Any CPU
		{41DB5423-5BBB-4183-9EDC-90A07F320C84}.Debug|Any CPU.ActiveCfg = Debug|Any CPU
		{41DB5423-5BBB-4183-9EDC-90A07F320C84}.Debug|Any CPU.Build.0 = Debug|Any CPU
		{41DB5423-5BBB-4183-9EDC-90A07F320C84}.Release|Any CPU.ActiveCfg = Release|Any CPU
		{41DB5423-5BBB-4183-9EDC-90A07F320C84}.Release|Any CPU.Build.0 = Release|Any CPU
	EndGlobalSection
	GlobalSection(SolutionProperties) = preSolution
		HideSolutionNode = FALSE
	EndGlobalSection
	GlobalSection(ExtensibilityGlobals) = postSolution
		SolutionGuid = {56BF96CC-4A2B-432B-9E63-A34A35274B0E}
	EndGlobalSection
EndGlobal
