
Microsoft Visual Studio Solution File, Format Version 12.00
# Visual Studio 15
VisualStudioVersion = 15.0.28307.572
MinimumVisualStudioVersion = 10.0.40219.1
Project("{9A19103F-16F7-4668-BE54-9A1E7A4F7556}") = "AdaptiveAssistant", "AdaptiveAssistant\AdaptiveAssistant\AdaptiveAssistant.csproj", "{87CD4103-1E47-45A8-A2A9-2FDB69B0E2D5}"
EndProject
Project("{2150E333-8FDC-42A3-9474-1A3956D46DE8}") = "Lib", "Lib", "{7A620BCC-A34B-47D1-986B-62CFA290B663}"
EndProject
Project("{9A19103F-16F7-4668-BE54-9A1E7A4F7556}") = "Microsoft.Bot.Builder.Skills", "..\lib\csharp\microsoft.bot.builder.skills\Microsoft.Bot.Builder.Skills\Microsoft.Bot.Builder.Skills.csproj", "{71EB10DA-0BC7-45BF-A17D-88B5932A555F}"
EndProject
Project("{9A19103F-16F7-4668-BE54-9A1E7A4F7556}") = "Microsoft.Bot.Builder.Solutions", "..\lib\csharp\microsoft.bot.builder.solutions\microsoft.bot.builder.solutions\Microsoft.Bot.Builder.Solutions.csproj", "{7EA8B8E6-857A-4190-903D-51742DFC4DCC}"
EndProject
Global
	GlobalSection(SolutionConfigurationPlatforms) = preSolution
		Debug - NuGet Packages|Any CPU = Debug - NuGet Packages|Any CPU
		Debug|Any CPU = Debug|Any CPU
		Documentation|Any CPU = Documentation|Any CPU
		Release|Any CPU = Release|Any CPU
	EndGlobalSection
	GlobalSection(ProjectConfigurationPlatforms) = postSolution
		{87CD4103-1E47-45A8-A2A9-2FDB69B0E2D5}.Debug - NuGet Packages|Any CPU.ActiveCfg = Debug|Any CPU
		{87CD4103-1E47-45A8-A2A9-2FDB69B0E2D5}.Debug - NuGet Packages|Any CPU.Build.0 = Debug|Any CPU
		{87CD4103-1E47-45A8-A2A9-2FDB69B0E2D5}.Debug|Any CPU.ActiveCfg = Debug|Any CPU
		{87CD4103-1E47-45A8-A2A9-2FDB69B0E2D5}.Debug|Any CPU.Build.0 = Debug|Any CPU
		{87CD4103-1E47-45A8-A2A9-2FDB69B0E2D5}.Documentation|Any CPU.ActiveCfg = Debug|Any CPU
		{87CD4103-1E47-45A8-A2A9-2FDB69B0E2D5}.Documentation|Any CPU.Build.0 = Debug|Any CPU
		{87CD4103-1E47-45A8-A2A9-2FDB69B0E2D5}.Release|Any CPU.ActiveCfg = Release|Any CPU
		{87CD4103-1E47-45A8-A2A9-2FDB69B0E2D5}.Release|Any CPU.Build.0 = Release|Any CPU
		{71EB10DA-0BC7-45BF-A17D-88B5932A555F}.Debug - NuGet Packages|Any CPU.ActiveCfg = Debug - NuGet Packages|Any CPU
		{71EB10DA-0BC7-45BF-A17D-88B5932A555F}.Debug - NuGet Packages|Any CPU.Build.0 = Debug - NuGet Packages|Any CPU
		{71EB10DA-0BC7-45BF-A17D-88B5932A555F}.Debug|Any CPU.ActiveCfg = Debug|Any CPU
		{71EB10DA-0BC7-45BF-A17D-88B5932A555F}.Debug|Any CPU.Build.0 = Debug|Any CPU
		{71EB10DA-0BC7-45BF-A17D-88B5932A555F}.Documentation|Any CPU.ActiveCfg = Documentation|Any CPU
		{71EB10DA-0BC7-45BF-A17D-88B5932A555F}.Documentation|Any CPU.Build.0 = Documentation|Any CPU
		{71EB10DA-0BC7-45BF-A17D-88B5932A555F}.Release|Any CPU.ActiveCfg = Release|Any CPU
		{71EB10DA-0BC7-45BF-A17D-88B5932A555F}.Release|Any CPU.Build.0 = Release|Any CPU
		{7EA8B8E6-857A-4190-903D-51742DFC4DCC}.Debug - NuGet Packages|Any CPU.ActiveCfg = Debug - NuGet Packages|Any CPU
		{7EA8B8E6-857A-4190-903D-51742DFC4DCC}.Debug - NuGet Packages|Any CPU.Build.0 = Debug - NuGet Packages|Any CPU
		{7EA8B8E6-857A-4190-903D-51742DFC4DCC}.Debug|Any CPU.ActiveCfg = Debug|Any CPU
		{7EA8B8E6-857A-4190-903D-51742DFC4DCC}.Debug|Any CPU.Build.0 = Debug|Any CPU
		{7EA8B8E6-857A-4190-903D-51742DFC4DCC}.Documentation|Any CPU.ActiveCfg = Documentation|Any CPU
		{7EA8B8E6-857A-4190-903D-51742DFC4DCC}.Documentation|Any CPU.Build.0 = Documentation|Any CPU
		{7EA8B8E6-857A-4190-903D-51742DFC4DCC}.Release|Any CPU.ActiveCfg = Release|Any CPU
		{7EA8B8E6-857A-4190-903D-51742DFC4DCC}.Release|Any CPU.Build.0 = Release|Any CPU
	EndGlobalSection
	GlobalSection(SolutionProperties) = preSolution
		HideSolutionNode = FALSE
	EndGlobalSection
	GlobalSection(NestedProjects) = preSolution
		{71EB10DA-0BC7-45BF-A17D-88B5932A555F} = {7A620BCC-A34B-47D1-986B-62CFA290B663}
		{7EA8B8E6-857A-4190-903D-51742DFC4DCC} = {7A620BCC-A34B-47D1-986B-62CFA290B663}
	EndGlobalSection
	GlobalSection(ExtensibilityGlobals) = postSolution
		SolutionGuid = {C8287EC4-DE54-4C44-8E28-EB7807916AA5}
	EndGlobalSection
EndGlobal
