
Microsoft Visual Studio Solution File, Format Version 12.00
# Visual Studio Version 16
VisualStudioVersion = 16.0.29009.5
MinimumVisualStudioVersion = 10.0.40219.1
Project("{2150E333-8FDC-42A3-9474-1A3956D46DE8}") = "VSIX", "VSIX", "{4FA953A9-9057-41A2-820D-6D07CA1206AE}"
EndProject
Project("{2150E333-8FDC-42A3-9474-1A3956D46DE8}") = "VA", "VA", "{C46B3DE5-4B35-4EBD-B878-7BBBA87AC70E}"
	ProjectSection(SolutionItems) = preProject
		Template\va.vstemplate = Template\va.vstemplate
	EndProjectSection
EndProject
Project("{9A19103F-16F7-4668-BE54-9A1E7A4F7556}") = "VA", "Template\VA\VA.csproj", "{213D0BEA-0395-45C7-A6F5-994A7F78AA27}"
EndProject
Project("{9A19103F-16F7-4668-BE54-9A1E7A4F7556}") = "VA.Tests", "Template\VA.Tests\VA.Tests.csproj", "{EC369CD7-7C8A-4841-810D-2ED674833030}"
EndProject
Project("{2150E333-8FDC-42A3-9474-1A3956D46DE8}") = "Skill", "Skill", "{0C19CF41-A1BC-4179-AA90-BEB74B607074}"
	ProjectSection(SolutionItems) = preProject
		SkillTemplate\skill.vstemplate = SkillTemplate\skill.vstemplate
	EndProjectSection
EndProject
Project("{9A19103F-16F7-4668-BE54-9A1E7A4F7556}") = "Skill", "SkillTemplate\Skill\Skill.csproj", "{F123632E-0741-4462-98AA-A53863669CE4}"
EndProject
Project("{9A19103F-16F7-4668-BE54-9A1E7A4F7556}") = "Skill.Tests", "SkillTemplate\Skill.Tests\Skill.Tests.csproj", "{B1FE4BBF-5E29-422C-B266-75A8737E2305}"
EndProject
Project("{FAE04EC0-301F-11D3-BF4B-00C04F79EFBC}") = "BotTemplatesVSIX", "VSIX\BotTemplatesVSIX.csproj", "{794F4E29-D65D-4F5F-9B04-55FFD5EE864D}"
EndProject
Global
	GlobalSection(SolutionConfigurationPlatforms) = preSolution
		Debug - NuGet Packages|Any CPU = Debug - NuGet Packages|Any CPU
		Debug|Any CPU = Debug|Any CPU
		Documentation|Any CPU = Documentation|Any CPU
		Release|Any CPU = Release|Any CPU
	EndGlobalSection
	GlobalSection(ProjectConfigurationPlatforms) = postSolution
		{213D0BEA-0395-45C7-A6F5-994A7F78AA27}.Debug - NuGet Packages|Any CPU.ActiveCfg = Debug|Any CPU
		{213D0BEA-0395-45C7-A6F5-994A7F78AA27}.Debug - NuGet Packages|Any CPU.Build.0 = Debug|Any CPU
		{213D0BEA-0395-45C7-A6F5-994A7F78AA27}.Debug|Any CPU.ActiveCfg = Debug|Any CPU
		{213D0BEA-0395-45C7-A6F5-994A7F78AA27}.Debug|Any CPU.Build.0 = Debug|Any CPU
		{213D0BEA-0395-45C7-A6F5-994A7F78AA27}.Documentation|Any CPU.ActiveCfg = Debug|Any CPU
		{213D0BEA-0395-45C7-A6F5-994A7F78AA27}.Documentation|Any CPU.Build.0 = Debug|Any CPU
		{213D0BEA-0395-45C7-A6F5-994A7F78AA27}.Release|Any CPU.ActiveCfg = Release|Any CPU
		{213D0BEA-0395-45C7-A6F5-994A7F78AA27}.Release|Any CPU.Build.0 = Release|Any CPU
		{EC369CD7-7C8A-4841-810D-2ED674833030}.Debug - NuGet Packages|Any CPU.ActiveCfg = Debug|Any CPU
		{EC369CD7-7C8A-4841-810D-2ED674833030}.Debug - NuGet Packages|Any CPU.Build.0 = Debug|Any CPU
		{EC369CD7-7C8A-4841-810D-2ED674833030}.Debug|Any CPU.ActiveCfg = Debug|Any CPU
		{EC369CD7-7C8A-4841-810D-2ED674833030}.Debug|Any CPU.Build.0 = Debug|Any CPU
		{EC369CD7-7C8A-4841-810D-2ED674833030}.Documentation|Any CPU.ActiveCfg = Debug|Any CPU
		{EC369CD7-7C8A-4841-810D-2ED674833030}.Documentation|Any CPU.Build.0 = Debug|Any CPU
		{EC369CD7-7C8A-4841-810D-2ED674833030}.Release|Any CPU.ActiveCfg = Release|Any CPU
		{EC369CD7-7C8A-4841-810D-2ED674833030}.Release|Any CPU.Build.0 = Release|Any CPU
		{F123632E-0741-4462-98AA-A53863669CE4}.Debug - NuGet Packages|Any CPU.ActiveCfg = Debug|Any CPU
		{F123632E-0741-4462-98AA-A53863669CE4}.Debug - NuGet Packages|Any CPU.Build.0 = Debug|Any CPU
		{F123632E-0741-4462-98AA-A53863669CE4}.Debug|Any CPU.ActiveCfg = Debug|Any CPU
		{F123632E-0741-4462-98AA-A53863669CE4}.Debug|Any CPU.Build.0 = Debug|Any CPU
		{F123632E-0741-4462-98AA-A53863669CE4}.Documentation|Any CPU.ActiveCfg = Debug|Any CPU
		{F123632E-0741-4462-98AA-A53863669CE4}.Documentation|Any CPU.Build.0 = Debug|Any CPU
		{F123632E-0741-4462-98AA-A53863669CE4}.Release|Any CPU.ActiveCfg = Release|Any CPU
		{F123632E-0741-4462-98AA-A53863669CE4}.Release|Any CPU.Build.0 = Release|Any CPU
		{B1FE4BBF-5E29-422C-B266-75A8737E2305}.Debug - NuGet Packages|Any CPU.ActiveCfg = Debug|Any CPU
		{B1FE4BBF-5E29-422C-B266-75A8737E2305}.Debug - NuGet Packages|Any CPU.Build.0 = Debug|Any CPU
		{B1FE4BBF-5E29-422C-B266-75A8737E2305}.Debug|Any CPU.ActiveCfg = Debug|Any CPU
		{B1FE4BBF-5E29-422C-B266-75A8737E2305}.Debug|Any CPU.Build.0 = Debug|Any CPU
		{B1FE4BBF-5E29-422C-B266-75A8737E2305}.Documentation|Any CPU.ActiveCfg = Debug|Any CPU
		{B1FE4BBF-5E29-422C-B266-75A8737E2305}.Documentation|Any CPU.Build.0 = Debug|Any CPU
		{B1FE4BBF-5E29-422C-B266-75A8737E2305}.Release|Any CPU.ActiveCfg = Release|Any CPU
		{B1FE4BBF-5E29-422C-B266-75A8737E2305}.Release|Any CPU.Build.0 = Release|Any CPU
		{794F4E29-D65D-4F5F-9B04-55FFD5EE864D}.Debug - NuGet Packages|Any CPU.ActiveCfg = Debug|Any CPU
		{794F4E29-D65D-4F5F-9B04-55FFD5EE864D}.Debug - NuGet Packages|Any CPU.Build.0 = Debug|Any CPU
		{794F4E29-D65D-4F5F-9B04-55FFD5EE864D}.Debug|Any CPU.ActiveCfg = Debug|Any CPU
		{794F4E29-D65D-4F5F-9B04-55FFD5EE864D}.Debug|Any CPU.Build.0 = Debug|Any CPU
		{794F4E29-D65D-4F5F-9B04-55FFD5EE864D}.Documentation|Any CPU.ActiveCfg = Debug|Any CPU
		{794F4E29-D65D-4F5F-9B04-55FFD5EE864D}.Documentation|Any CPU.Build.0 = Debug|Any CPU
		{794F4E29-D65D-4F5F-9B04-55FFD5EE864D}.Release|Any CPU.ActiveCfg = Release|Any CPU
		{794F4E29-D65D-4F5F-9B04-55FFD5EE864D}.Release|Any CPU.Build.0 = Release|Any CPU
	EndGlobalSection
	GlobalSection(SolutionProperties) = preSolution
		HideSolutionNode = FALSE
	EndGlobalSection
	GlobalSection(NestedProjects) = preSolution
		{213D0BEA-0395-45C7-A6F5-994A7F78AA27} = {C46B3DE5-4B35-4EBD-B878-7BBBA87AC70E}
		{EC369CD7-7C8A-4841-810D-2ED674833030} = {C46B3DE5-4B35-4EBD-B878-7BBBA87AC70E}
		{F123632E-0741-4462-98AA-A53863669CE4} = {0C19CF41-A1BC-4179-AA90-BEB74B607074}
		{B1FE4BBF-5E29-422C-B266-75A8737E2305} = {0C19CF41-A1BC-4179-AA90-BEB74B607074}
		{794F4E29-D65D-4F5F-9B04-55FFD5EE864D} = {4FA953A9-9057-41A2-820D-6D07CA1206AE}
	EndGlobalSection
	GlobalSection(ExtensibilityGlobals) = postSolution
		SolutionGuid = {3AE949A3-66FB-4B9A-B260-8F42B2E59837}
	EndGlobalSection
EndGlobal
