
Microsoft Visual Studio Solution File, Format Version 12.00
# Visual Studio Version 16
VisualStudioVersion = 16.0.29424.173
MinimumVisualStudioVersion = 10.0.40219.1
Project("{9A19103F-16F7-4668-BE54-9A1E7A4F7556}") = "SkillSample", "SkillSample\SkillSample.csproj", "{2AD96F61-B9BA-4DB5-9BA5-5A11D5C56C12}"
EndProject
Project("{9A19103F-16F7-4668-BE54-9A1E7A4F7556}") = "SkillSample.Tests", "SkillSample.Tests\SkillSample.Tests.csproj", "{83C5C21E-1F3A-483E-8C4C-1FC61F1AB4E7}"
EndProject
Global
	GlobalSection(SolutionConfigurationPlatforms) = preSolution
		Debug|Any CPU = Debug|Any CPU
		Release|Any CPU = Release|Any CPU
	EndGlobalSection
	GlobalSection(ProjectConfigurationPlatforms) = postSolution
		{2AD96F61-B9BA-4DB5-9BA5-5A11D5C56C12}.Debug|Any CPU.ActiveCfg = Debug|Any CPU
		{2AD96F61-B9BA-4DB5-9BA5-5A11D5C56C12}.Debug|Any CPU.Build.0 = Debug|Any CPU
		{2AD96F61-B9BA-4DB5-9BA5-5A11D5C56C12}.Release|Any CPU.ActiveCfg = Release|Any CPU
		{2AD96F61-B9BA-4DB5-9BA5-5A11D5C56C12}.Release|Any CPU.Build.0 = Release|Any CPU
		{83C5C21E-1F3A-483E-8C4C-1FC61F1AB4E7}.Debug|Any CPU.ActiveCfg = Debug|Any CPU
		{83C5C21E-1F3A-483E-8C4C-1FC61F1AB4E7}.Debug|Any CPU.Build.0 = Debug|Any CPU
		{83C5C21E-1F3A-483E-8C4C-1FC61F1AB4E7}.Release|Any CPU.ActiveCfg = Release|Any CPU
		{83C5C21E-1F3A-483E-8C4C-1FC61F1AB4E7}.Release|Any CPU.Build.0 = Release|Any CPU
	EndGlobalSection
	GlobalSection(SolutionProperties) = preSolution
		HideSolutionNode = FALSE
	EndGlobalSection
	GlobalSection(ExtensibilityGlobals) = postSolution
		SolutionGuid = {03D2E957-9568-4F2E-9176-45179E11B252}
	EndGlobalSection
EndGlobal
