
Microsoft Visual Studio Solution File, Format Version 12.00
# Visual Studio 15
VisualStudioVersion = 15.0.28010.2036
MinimumVisualStudioVersion = 10.0.40219.1
Project("{FAE04EC0-301F-11D3-BF4B-00C04F79EFBC}") = "CustomerSupportTemplate", "CustomerSupportTemplate\CustomerSupportTemplate.csproj", "{F22F409D-13FC-4283-BF66-4B5E187F55B4}"
EndProject
Global
	GlobalSection(SolutionConfigurationPlatforms) = preSolution
		Debug|Any CPU = Debug|Any CPU
		Release|Any CPU = Release|Any CPU
	EndGlobalSection
	GlobalSection(ProjectConfigurationPlatforms) = postSolution
		{F22F409D-13FC-4283-BF66-4B5E187F55B4}.Debug|Any CPU.ActiveCfg = Debug|Any CPU
		{F22F409D-13FC-4283-BF66-4B5E187F55B4}.Debug|Any CPU.Build.0 = Debug|Any CPU
		{F22F409D-13FC-4283-BF66-4B5E187F55B4}.Release|Any CPU.ActiveCfg = Release|Any CPU
		{F22F409D-13FC-4283-BF66-4B5E187F55B4}.Release|Any CPU.Build.0 = Release|Any CPU
	EndGlobalSection
	GlobalSection(SolutionProperties) = preSolution
		HideSolutionNode = FALSE
	EndGlobalSection
	GlobalSection(ExtensibilityGlobals) = postSolution
		SolutionGuid = {CFE80C7A-FBF5-4E78-AF4F-D91303B16B80}
	EndGlobalSection
EndGlobal
