
Microsoft Visual Studio Solution File, Format Version 12.00
# Visual Studio Version 16
VisualStudioVersion = 16.0.28407.52
MinimumVisualStudioVersion = 10.0.40219.1
Project("{9A19103F-16F7-4668-BE54-9A1E7A4F7556}") = "EnterpriseBotSample", "EnterpriseBotSample.csproj", "{F6C478F2-EFFB-43C4-B319-BEAB5A3BE54B}"
EndProject
Project("{9A19103F-16F7-4668-BE54-9A1E7A4F7556}") = "EnterpriseBotSampleTests", "..\EnterpriseBotSampleTests\EnterpriseBotSampleTests.csproj", "{AC8E9FD8-1DF0-4E2F-9B6E-60501F9C682D}"
EndProject
Global
	GlobalSection(SolutionConfigurationPlatforms) = preSolution
		Debug|Any CPU = Debug|Any CPU
		Release|Any CPU = Release|Any CPU
	EndGlobalSection
	GlobalSection(ProjectConfigurationPlatforms) = postSolution
		{F6C478F2-EFFB-43C4-B319-BEAB5A3BE54B}.Debug|Any CPU.ActiveCfg = Debug|Any CPU
		{F6C478F2-EFFB-43C4-B319-BEAB5A3BE54B}.Debug|Any CPU.Build.0 = Debug|Any CPU
		{F6C478F2-EFFB-43C4-B319-BEAB5A3BE54B}.Release|Any CPU.ActiveCfg = Release|Any CPU
		{F6C478F2-EFFB-43C4-B319-BEAB5A3BE54B}.Release|Any CPU.Build.0 = Release|Any CPU
		{AC8E9FD8-1DF0-4E2F-9B6E-60501F9C682D}.Debug|Any CPU.ActiveCfg = Debug|Any CPU
		{AC8E9FD8-1DF0-4E2F-9B6E-60501F9C682D}.Debug|Any CPU.Build.0 = Debug|Any CPU
		{AC8E9FD8-1DF0-4E2F-9B6E-60501F9C682D}.Release|Any CPU.ActiveCfg = Release|Any CPU
		{AC8E9FD8-1DF0-4E2F-9B6E-60501F9C682D}.Release|Any CPU.Build.0 = Release|Any CPU
	EndGlobalSection
	GlobalSection(SolutionProperties) = preSolution
		HideSolutionNode = FALSE
	EndGlobalSection
	GlobalSection(ExtensibilityGlobals) = postSolution
		SolutionGuid = {25DB81BB-3549-4CD2-9B9F-F586EC7FE1F1}
	EndGlobalSection
EndGlobal
