
Microsoft Visual Studio Solution File, Format Version 12.00
# Visual Studio 15
VisualStudioVersion = 15.0.28307.421
MinimumVisualStudioVersion = 10.0.40219.1
Project("{2150E333-8FDC-42A3-9474-1A3956D46DE8}") = "VSIX", "VSIX", "{4FA953A9-9057-41A2-820D-6D07CA1206AE}"
EndProject
Project("{FAE04EC0-301F-11D3-BF4B-00C04F79EFBC}") = "VirtualAssistantVSIX", "VSIX\VirtualAssistantVSIX.csproj", "{A3444B61-297F-4BE5-A33E-4792DD13C4AA}"
EndProject
Project("{2150E333-8FDC-42A3-9474-1A3956D46DE8}") = "Sample", "Sample", "{D7DCC627-073A-4076-B7CD-60698CDFA1B1}"
EndProject
Project("{9A19103F-16F7-4668-BE54-9A1E7A4F7556}") = "VirtualAssistantSample", "Sample\VirtualAssistantSample\VirtualAssistantSample.csproj", "{8C90A669-93BE-4258-89DA-9762D6C5474E}"
EndProject
Project("{9A19103F-16F7-4668-BE54-9A1E7A4F7556}") = "VirtualAssistantSample.Tests", "Sample\VirtualAssistantSample.Tests\VirtualAssistantSample.Tests.csproj", "{8CD07035-5653-418B-B9F6-C136FD015DEC}"
EndProject
Global
	GlobalSection(SolutionConfigurationPlatforms) = preSolution
		Debug - NuGet Packages|Any CPU = Debug - NuGet Packages|Any CPU
		Debug|Any CPU = Debug|Any CPU
		Documentation|Any CPU = Documentation|Any CPU
		Release|Any CPU = Release|Any CPU
	EndGlobalSection
	GlobalSection(ProjectConfigurationPlatforms) = postSolution
		{A3444B61-297F-4BE5-A33E-4792DD13C4AA}.Debug - NuGet Packages|Any CPU.ActiveCfg = Debug|Any CPU
		{A3444B61-297F-4BE5-A33E-4792DD13C4AA}.Debug - NuGet Packages|Any CPU.Build.0 = Debug|Any CPU
		{A3444B61-297F-4BE5-A33E-4792DD13C4AA}.Debug|Any CPU.ActiveCfg = Debug|Any CPU
		{A3444B61-297F-4BE5-A33E-4792DD13C4AA}.Debug|Any CPU.Build.0 = Debug|Any CPU
		{A3444B61-297F-4BE5-A33E-4792DD13C4AA}.Documentation|Any CPU.ActiveCfg = Debug|Any CPU
		{A3444B61-297F-4BE5-A33E-4792DD13C4AA}.Documentation|Any CPU.Build.0 = Debug|Any CPU
		{A3444B61-297F-4BE5-A33E-4792DD13C4AA}.Release|Any CPU.ActiveCfg = Release|Any CPU
		{A3444B61-297F-4BE5-A33E-4792DD13C4AA}.Release|Any CPU.Build.0 = Release|Any CPU
		{8C90A669-93BE-4258-89DA-9762D6C5474E}.Debug - NuGet Packages|Any CPU.ActiveCfg = Debug|Any CPU
		{8C90A669-93BE-4258-89DA-9762D6C5474E}.Debug - NuGet Packages|Any CPU.Build.0 = Debug|Any CPU
		{8C90A669-93BE-4258-89DA-9762D6C5474E}.Debug|Any CPU.ActiveCfg = Debug|Any CPU
		{8C90A669-93BE-4258-89DA-9762D6C5474E}.Debug|Any CPU.Build.0 = Debug|Any CPU
		{8C90A669-93BE-4258-89DA-9762D6C5474E}.Documentation|Any CPU.ActiveCfg = Debug|Any CPU
		{8C90A669-93BE-4258-89DA-9762D6C5474E}.Documentation|Any CPU.Build.0 = Debug|Any CPU
		{8C90A669-93BE-4258-89DA-9762D6C5474E}.Release|Any CPU.ActiveCfg = Release|Any CPU
		{8C90A669-93BE-4258-89DA-9762D6C5474E}.Release|Any CPU.Build.0 = Release|Any CPU
		{8CD07035-5653-418B-B9F6-C136FD015DEC}.Debug - NuGet Packages|Any CPU.ActiveCfg = Debug|Any CPU
		{8CD07035-5653-418B-B9F6-C136FD015DEC}.Debug - NuGet Packages|Any CPU.Build.0 = Debug|Any CPU
		{8CD07035-5653-418B-B9F6-C136FD015DEC}.Debug|Any CPU.ActiveCfg = Debug|Any CPU
		{8CD07035-5653-418B-B9F6-C136FD015DEC}.Debug|Any CPU.Build.0 = Debug|Any CPU
		{8CD07035-5653-418B-B9F6-C136FD015DEC}.Documentation|Any CPU.ActiveCfg = Debug|Any CPU
		{8CD07035-5653-418B-B9F6-C136FD015DEC}.Documentation|Any CPU.Build.0 = Debug|Any CPU
		{8CD07035-5653-418B-B9F6-C136FD015DEC}.Release|Any CPU.ActiveCfg = Release|Any CPU
		{8CD07035-5653-418B-B9F6-C136FD015DEC}.Release|Any CPU.Build.0 = Release|Any CPU
	EndGlobalSection
	GlobalSection(SolutionProperties) = preSolution
		HideSolutionNode = FALSE
	EndGlobalSection
	GlobalSection(NestedProjects) = preSolution
		{A3444B61-297F-4BE5-A33E-4792DD13C4AA} = {4FA953A9-9057-41A2-820D-6D07CA1206AE}
		{8C90A669-93BE-4258-89DA-9762D6C5474E} = {D7DCC627-073A-4076-B7CD-60698CDFA1B1}
		{8CD07035-5653-418B-B9F6-C136FD015DEC} = {D7DCC627-073A-4076-B7CD-60698CDFA1B1}
	EndGlobalSection
	GlobalSection(ExtensibilityGlobals) = postSolution
		SolutionGuid = {3AE949A3-66FB-4B9A-B260-8F42B2E59837}
	EndGlobalSection
EndGlobal
