
Microsoft Visual Studio Solution File, Format Version 12.00
# Visual Studio 15
VisualStudioVersion = 15.0.28307.136
MinimumVisualStudioVersion = 10.0.40219.1
Project("{9A19103F-16F7-4668-BE54-9A1E7A4F7556}") = "BotProject", "BotProject.csproj", "{80ACF5BE-4A04-46F8-A83E-530FB21948D5}"
EndProject
Project("{FAE04EC0-301F-11D3-BF4B-00C04F79EFBC}") = "Tests", "Tests\Tests.csproj", "{5AFADEA2-A18F-46DF-8080-2CA418880318}"
EndProject
Global
	GlobalSection(SolutionConfigurationPlatforms) = preSolution
		Debug|Any CPU = Debug|Any CPU
		Release|Any CPU = Release|Any CPU
	EndGlobalSection
	GlobalSection(ProjectConfigurationPlatforms) = postSolution
		{80ACF5BE-4A04-46F8-A83E-530FB21948D5}.Debug|Any CPU.ActiveCfg = Debug|Any CPU
		{80ACF5BE-4A04-46F8-A83E-530FB21948D5}.Debug|Any CPU.Build.0 = Debug|Any CPU
		{80ACF5BE-4A04-46F8-A83E-530FB21948D5}.Release|Any CPU.ActiveCfg = Release|Any CPU
		{80ACF5BE-4A04-46F8-A83E-530FB21948D5}.Release|Any CPU.Build.0 = Release|Any CPU
		{5AFADEA2-A18F-46DF-8080-2CA418880318}.Debug|Any CPU.ActiveCfg = Debug|Any CPU
		{5AFADEA2-A18F-46DF-8080-2CA418880318}.Debug|Any CPU.Build.0 = Debug|Any CPU
		{5AFADEA2-A18F-46DF-8080-2CA418880318}.Release|Any CPU.ActiveCfg = Release|Any CPU
		{5AFADEA2-A18F-46DF-8080-2CA418880318}.Release|Any CPU.Build.0 = Release|Any CPU
	EndGlobalSection
	GlobalSection(SolutionProperties) = preSolution
		HideSolutionNode = FALSE
	EndGlobalSection
	GlobalSection(ExtensibilityGlobals) = postSolution
		SolutionGuid = {B13FC467-1A63-4C8F-A29E-43B2D8B79B17}
	EndGlobalSection
EndGlobal
