{
  "requires": true,
  "lockfileVersion": 1,
  "dependencies": {
    "@primer/css": {
      "version": "12.5.0",
      "resolved": "https://registry.npmjs.org/@primer/css/-/css-12.5.0.tgz",
      "integrity": "sha512-MyA2hoCY3UAmMKPHPN+LM1HrwGz5VR92fkEkIzAQgHBYMPstT77tjHkO8OPoWW//DShdYMYAgukZdMJ8lnsfbg=="
    }
  }
}
