
Microsoft Visual Studio Solution File, Format Version 12.00
# Visual Studio 15
VisualStudioVersion = 15.0.28307.705
MinimumVisualStudioVersion = 10.0.40219.1
Project("{9A19103F-16F7-4668-BE54-9A1E7A4F7556}") = "HospitalitySkill", "HospitalitySkill\HospitalitySkill\HospitalitySkill.csproj", "{3FEDA8FF-F192-4626-821D-A4921734A23B}"
EndProject
Project("{9A19103F-16F7-4668-BE54-9A1E7A4F7556}") = "HospitalitySkill.Tests", "HospitalitySkill\HospitalitySkill.Tests\HospitalitySkill.Tests.csproj", "{BDFA52A6-86CD-4069-85FA-FE453722D702}"
EndProject
Global
	GlobalSection(SolutionConfigurationPlatforms) = preSolution
		Debug|Any CPU = Debug|Any CPU
		Release|Any CPU = Release|Any CPU
	EndGlobalSection
	GlobalSection(ProjectConfigurationPlatforms) = postSolution
		{3FEDA8FF-F192-4626-821D-A4921734A23B}.Debug|Any CPU.ActiveCfg = Debug|Any CPU
		{3FEDA8FF-F192-4626-821D-A4921734A23B}.Debug|Any CPU.Build.0 = Debug|Any CPU
		{3FEDA8FF-F192-4626-821D-A4921734A23B}.Release|Any CPU.ActiveCfg = Release|Any CPU
		{3FEDA8FF-F192-4626-821D-A4921734A23B}.Release|Any CPU.Build.0 = Release|Any CPU
		{BDFA52A6-86CD-4069-85FA-FE453722D702}.Debug|Any CPU.ActiveCfg = Debug|Any CPU
		{BDFA52A6-86CD-4069-85FA-FE453722D702}.Debug|Any CPU.Build.0 = Debug|Any CPU
		{BDFA52A6-86CD-4069-85FA-FE453722D702}.Release|Any CPU.ActiveCfg = Release|Any CPU
		{BDFA52A6-86CD-4069-85FA-FE453722D702}.Release|Any CPU.Build.0 = Release|Any CPU
	EndGlobalSection
	GlobalSection(SolutionProperties) = preSolution
		HideSolutionNode = FALSE
	EndGlobalSection
	GlobalSection(ExtensibilityGlobals) = postSolution
		SolutionGuid = {1D8176F1-8620-47B3-AE9F-2CC330D3205A}
	EndGlobalSection
EndGlobal
