
Microsoft Visual Studio Solution File, Format Version 12.00
# Visual Studio 15
VisualStudioVersion = 15.0.28010.2003
MinimumVisualStudioVersion = 10.0.40219.1
Project("{FAE04EC0-301F-11D3-BF4B-00C04F79EFBC}") = "DirectLineExample", "DirectLineExample\DirectLineExample.csproj", "{D8A3BBAF-67CB-4F6A-919B-7ADF70BB8F5F}"
EndProject
Global
	GlobalSection(SolutionConfigurationPlatforms) = preSolution
		Debug|Any CPU = Debug|Any CPU
		Release|Any CPU = Release|Any CPU
	EndGlobalSection
	GlobalSection(ProjectConfigurationPlatforms) = postSolution
		{D8A3BBAF-67CB-4F6A-919B-7ADF70BB8F5F}.Debug|Any CPU.ActiveCfg = Debug|Any CPU
		{D8A3BBAF-67CB-4F6A-919B-7ADF70BB8F5F}.Debug|Any CPU.Build.0 = Debug|Any CPU
		{D8A3BBAF-67CB-4F6A-919B-7ADF70BB8F5F}.Release|Any CPU.ActiveCfg = Release|Any CPU
		{D8A3BBAF-67CB-4F6A-919B-7ADF70BB8F5F}.Release|Any CPU.Build.0 = Release|Any CPU
	EndGlobalSection
	GlobalSection(SolutionProperties) = preSolution
		HideSolutionNode = FALSE
	EndGlobalSection
	GlobalSection(ExtensibilityGlobals) = postSolution
		SolutionGuid = {8107FE41-E380-47DB-8472-4561E15C045A}
	EndGlobalSection
EndGlobal
