
Microsoft Visual Studio Solution File, Format Version 12.00
# Visual Studio Version 16
VisualStudioVersion = 16.0.30011.22
MinimumVisualStudioVersion = 10.0.40219.1
Project("{9A19103F-16F7-4668-BE54-9A1E7A4F7556}") = "VirtualAssistantSample", "VirtualAssistantSample.csproj", "{A1BBC36C-4F0C-46F7-9015-D54164B69140}"
EndProject
Project("{9A19103F-16F7-4668-BE54-9A1E7A4F7556}") = "Microsoft.Bot.Solutions", "..\..\..\..\sdk\csharp\libraries\microsoft.bot.solutions\Microsoft.Bot.Solutions.csproj", "{102F066B-B6DF-4CE8-86BD-679767F85DA0}"
EndProject
Global
	GlobalSection(SolutionConfigurationPlatforms) = preSolution
		Debug - NuGet Packages|Any CPU = Debug - NuGet Packages|Any CPU
		Debug|Any CPU = Debug|Any CPU
		Documentation|Any CPU = Documentation|Any CPU
		Release|Any CPU = Release|Any CPU
	EndGlobalSection
	GlobalSection(ProjectConfigurationPlatforms) = postSolution
		{A1BBC36C-4F0C-46F7-9015-D54164B69140}.Debug - NuGet Packages|Any CPU.ActiveCfg = Debug|Any CPU
		{A1BBC36C-4F0C-46F7-9015-D54164B69140}.Debug - NuGet Packages|Any CPU.Build.0 = Debug|Any CPU
		{A1BBC36C-4F0C-46F7-9015-D54164B69140}.Debug|Any CPU.ActiveCfg = Debug|Any CPU
		{A1BBC36C-4F0C-46F7-9015-D54164B69140}.Debug|Any CPU.Build.0 = Debug|Any CPU
		{A1BBC36C-4F0C-46F7-9015-D54164B69140}.Documentation|Any CPU.ActiveCfg = Debug|Any CPU
		{A1BBC36C-4F0C-46F7-9015-D54164B69140}.Documentation|Any CPU.Build.0 = Debug|Any CPU
		{A1BBC36C-4F0C-46F7-9015-D54164B69140}.Release|Any CPU.ActiveCfg = Release|Any CPU
		{A1BBC36C-4F0C-46F7-9015-D54164B69140}.Release|Any CPU.Build.0 = Release|Any CPU
		{102F066B-B6DF-4CE8-86BD-679767F85DA0}.Debug - NuGet Packages|Any CPU.ActiveCfg = Debug - NuGet Packages|Any CPU
		{102F066B-B6DF-4CE8-86BD-679767F85DA0}.Debug - NuGet Packages|Any CPU.Build.0 = Debug - NuGet Packages|Any CPU
		{102F066B-B6DF-4CE8-86BD-679767F85DA0}.Debug|Any CPU.ActiveCfg = Debug|Any CPU
		{102F066B-B6DF-4CE8-86BD-679767F85DA0}.Debug|Any CPU.Build.0 = Debug|Any CPU
		{102F066B-B6DF-4CE8-86BD-679767F85DA0}.Documentation|Any CPU.ActiveCfg = Documentation|Any CPU
		{102F066B-B6DF-4CE8-86BD-679767F85DA0}.Documentation|Any CPU.Build.0 = Documentation|Any CPU
		{102F066B-B6DF-4CE8-86BD-679767F85DA0}.Release|Any CPU.ActiveCfg = Release|Any CPU
		{102F066B-B6DF-4CE8-86BD-679767F85DA0}.Release|Any CPU.Build.0 = Release|Any CPU
	EndGlobalSection
	GlobalSection(SolutionProperties) = preSolution
		HideSolutionNode = FALSE
	EndGlobalSection
	GlobalSection(ExtensibilityGlobals) = postSolution
		SolutionGuid = {9BA5FCBE-30B9-444B-9C89-B945CDC5D00C}
	EndGlobalSection
EndGlobal
